// !$*UTF8*$!
{
	archiveVersion = 1;
	classes = {
	};
	objectVersion = 51;
	objects = {

/* Begin PBXBuildFile section */
		591D06982537E37A0008098A /* ModelWaste.swift in Sources */ = {isa = PBXBuildFile; fileRef = 591D06972537E37A0008098A /* ModelWaste.swift */; };
		591D069B2537E3F00008098A /* DataCategory.swift in Sources */ = {isa = PBXBuildFile; fileRef = 591D069A2537E3F00008098A /* DataCategory.swift */; };
		591D069E2538059E0008098A /* ModelWasteAdded.swift in Sources */ = {isa = PBXBuildFile; fileRef = 591D069D2538059E0008098A /* ModelWasteAdded.swift */; };
		591D06A225382CF80008098A /* AddNewWastePresenter.swift in Sources */ = {isa = PBXBuildFile; fileRef = 591D06A125382CF80008098A /* AddNewWastePresenter.swift */; };
		591D06A925382FA00008098A /* Constans.swift in Sources */ = {isa = PBXBuildFile; fileRef = 591D06A825382FA00008098A /* Constans.swift */; };
		591D06D3253839880008098A /* HorizontalModalCurrentWaste.swift in Sources */ = {isa = PBXBuildFile; fileRef = 591D06D1253839880008098A /* HorizontalModalCurrentWaste.swift */; };
		591D06D4253839880008098A /* HorizontalModalCurrentWaste.xib in Resources */ = {isa = PBXBuildFile; fileRef = 591D06D2253839880008098A /* HorizontalModalCurrentWaste.xib */; };
		5934E3342531FC480082D01D /* AppDelegate.swift in Sources */ = {isa = PBXBuildFile; fileRef = 5934E3332531FC480082D01D /* AppDelegate.swift */; };
		5934E3362531FC480082D01D /* SceneDelegate.swift in Sources */ = {isa = PBXBuildFile; fileRef = 5934E3352531FC480082D01D /* SceneDelegate.swift */; };
		5934E3382531FC480082D01D /* TabMyWasteVC.swift in Sources */ = {isa = PBXBuildFile; fileRef = 5934E3372531FC480082D01D /* TabMyWasteVC.swift */; };
		5934E33B2531FC480082D01D /* Base.storyboard in Resources */ = {isa = PBXBuildFile; fileRef = 5934E3392531FC480082D01D /* Base.storyboard */; };
		5934E33E2531FC480082D01D /* iwaste_ios.xcdatamodeld in Sources */ = {isa = PBXBuildFile; fileRef = 5934E33C2531FC480082D01D /* iwaste_ios.xcdatamodeld */; };
		5934E3402531FC4A0082D01D /* Assets.xcassets in Resources */ = {isa = PBXBuildFile; fileRef = 5934E33F2531FC4A0082D01D /* Assets.xcassets */; };
		5934E3432531FC4A0082D01D /* LaunchScreen.storyboard in Resources */ = {isa = PBXBuildFile; fileRef = 5934E3412531FC4A0082D01D /* LaunchScreen.storyboard */; };
		595F90F12536A50A004D40CE /* HorizontalModalListView.swift in Sources */ = {isa = PBXBuildFile; fileRef = 595F90EF2536A50A004D40CE /* HorizontalModalListView.swift */; };
		595F90F22536A50A004D40CE /* HorizontalModalListView.xib in Resources */ = {isa = PBXBuildFile; fileRef = 595F90F02536A50A004D40CE /* HorizontalModalListView.xib */; };
		595F90F62536A521004D40CE /* WasteViewCell.swift in Sources */ = {isa = PBXBuildFile; fileRef = 595F90F42536A521004D40CE /* WasteViewCell.swift */; };
		595F90F72536A521004D40CE /* WasteViewCell.xib in Resources */ = {isa = PBXBuildFile; fileRef = 595F90F52536A521004D40CE /* WasteViewCell.xib */; };
		595F90FA2536A55D004D40CE /* AddNewWasteVC.swift in Sources */ = {isa = PBXBuildFile; fileRef = 595F90F92536A55D004D40CE /* AddNewWasteVC.swift */; };
		59FBF2AD25362AAD00F940D5 /* Main.storyboard in Resources */ = {isa = PBXBuildFile; fileRef = 59FBF2AC25362AAD00F940D5 /* Main.storyboard */; };
		9FC20D732536BA30007A828E /* CurrentWasteVC.swift in Sources */ = {isa = PBXBuildFile; fileRef = 9FC20D722536BA30007A828E /* CurrentWasteVC.swift */; };
		B4B3B194540C520EED42AE48 /* Pods_iwaste_ios.framework in Frameworks */ = {isa = PBXBuildFile; fileRef = 855B67F695D99579871E8C57 /* Pods_iwaste_ios.framework */; };
/* End PBXBuildFile section */

/* Begin PBXFileReference section */
		4CEA1D4D910B6032F99D3B7F /* Pods-iwaste-ios.release.xcconfig */ = {isa = PBXFileReference; includeInIndex = 1; lastKnownFileType = text.xcconfig; name = "Pods-iwaste-ios.release.xcconfig"; path = "Target Support Files/Pods-iwaste-ios/Pods-iwaste-ios.release.xcconfig"; sourceTree = "<group>"; };
		591D06972537E37A0008098A /* ModelWaste.swift */ = {isa = PBXFileReference; lastKnownFileType = sourcecode.swift; path = ModelWaste.swift; sourceTree = "<group>"; };
		591D069A2537E3F00008098A /* DataCategory.swift */ = {isa = PBXFileReference; lastKnownFileType = sourcecode.swift; path = DataCategory.swift; sourceTree = "<group>"; };
		591D069D2538059E0008098A /* ModelWasteAdded.swift */ = {isa = PBXFileReference; lastKnownFileType = sourcecode.swift; path = ModelWasteAdded.swift; sourceTree = "<group>"; };
		591D06A125382CF80008098A /* AddNewWastePresenter.swift */ = {isa = PBXFileReference; lastKnownFileType = sourcecode.swift; path = AddNewWastePresenter.swift; sourceTree = "<group>"; };
		591D06A825382FA00008098A /* Constans.swift */ = {isa = PBXFileReference; lastKnownFileType = sourcecode.swift; path = Constans.swift; sourceTree = "<group>"; };
		591D06D1253839880008098A /* HorizontalModalCurrentWaste.swift */ = {isa = PBXFileReference; fileEncoding = 4; lastKnownFileType = sourcecode.swift; name = HorizontalModalCurrentWaste.swift; path = ../../../../../HorizontalModalCurrentWaste.swift; sourceTree = "<group>"; };
		591D06D2253839880008098A /* HorizontalModalCurrentWaste.xib */ = {isa = PBXFileReference; fileEncoding = 4; lastKnownFileType = file.xib; name = HorizontalModalCurrentWaste.xib; path = ../../../../../HorizontalModalCurrentWaste.xib; sourceTree = "<group>"; };
		5934E3302531FC480082D01D /* iwaste-ios.app */ = {isa = PBXFileReference; explicitFileType = wrapper.application; includeInIndex = 0; path = "iwaste-ios.app"; sourceTree = BUILT_PRODUCTS_DIR; };
		5934E3332531FC480082D01D /* AppDelegate.swift */ = {isa = PBXFileReference; lastKnownFileType = sourcecode.swift; path = AppDelegate.swift; sourceTree = "<group>"; };
		5934E3352531FC480082D01D /* SceneDelegate.swift */ = {isa = PBXFileReference; lastKnownFileType = sourcecode.swift; path = SceneDelegate.swift; sourceTree = "<group>"; };
		5934E3372531FC480082D01D /* TabMyWasteVC.swift */ = {isa = PBXFileReference; lastKnownFileType = sourcecode.swift; path = TabMyWasteVC.swift; sourceTree = "<group>"; };
		5934E33A2531FC480082D01D /* Base */ = {isa = PBXFileReference; lastKnownFileType = file.storyboard; name = Base; path = Base.lproj/Base.storyboard; sourceTree = "<group>"; };
		5934E33D2531FC480082D01D /* iwaste_ios.xcdatamodel */ = {isa = PBXFileReference; lastKnownFileType = wrapper.xcdatamodel; path = iwaste_ios.xcdatamodel; sourceTree = "<group>"; };
		5934E33F2531FC4A0082D01D /* Assets.xcassets */ = {isa = PBXFileReference; lastKnownFileType = folder.assetcatalog; path = Assets.xcassets; sourceTree = "<group>"; };
		5934E3422531FC4A0082D01D /* Base */ = {isa = PBXFileReference; lastKnownFileType = file.storyboard; name = Base; path = Base.lproj/LaunchScreen.storyboard; sourceTree = "<group>"; };
		5934E3442531FC4A0082D01D /* Info.plist */ = {isa = PBXFileReference; lastKnownFileType = text.plist.xml; path = Info.plist; sourceTree = "<group>"; };
		595F90EF2536A50A004D40CE /* HorizontalModalListView.swift */ = {isa = PBXFileReference; lastKnownFileType = sourcecode.swift; path = HorizontalModalListView.swift; sourceTree = "<group>"; };
		595F90F02536A50A004D40CE /* HorizontalModalListView.xib */ = {isa = PBXFileReference; lastKnownFileType = file.xib; path = HorizontalModalListView.xib; sourceTree = "<group>"; };
		595F90F42536A521004D40CE /* WasteViewCell.swift */ = {isa = PBXFileReference; lastKnownFileType = sourcecode.swift; path = WasteViewCell.swift; sourceTree = "<group>"; };
		595F90F52536A521004D40CE /* WasteViewCell.xib */ = {isa = PBXFileReference; lastKnownFileType = file.xib; path = WasteViewCell.xib; sourceTree = "<group>"; };
		595F90F92536A55D004D40CE /* AddNewWasteVC.swift */ = {isa = PBXFileReference; lastKnownFileType = sourcecode.swift; path = AddNewWasteVC.swift; sourceTree = "<group>"; };
		59FBF2AC25362AAD00F940D5 /* Main.storyboard */ = {isa = PBXFileReference; lastKnownFileType = file.storyboard; path = Main.storyboard; sourceTree = "<group>"; };
		855B67F695D99579871E8C57 /* Pods_iwaste_ios.framework */ = {isa = PBXFileReference; explicitFileType = wrapper.framework; includeInIndex = 0; path = Pods_iwaste_ios.framework; sourceTree = BUILT_PRODUCTS_DIR; };
		8795EA6333CC938D26AC02F2 /* Pods-iwaste-ios.debug.xcconfig */ = {isa = PBXFileReference; includeInIndex = 1; lastKnownFileType = text.xcconfig; name = "Pods-iwaste-ios.debug.xcconfig"; path = "Target Support Files/Pods-iwaste-ios/Pods-iwaste-ios.debug.xcconfig"; sourceTree = "<group>"; };
		9FC20D722536BA30007A828E /* CurrentWasteVC.swift */ = {isa = PBXFileReference; lastKnownFileType = sourcecode.swift; path = CurrentWasteVC.swift; sourceTree = "<group>"; };
		9FD722FF25382AA800E761AB /* HorizontalModalCurrentWaste.xib */ = {isa = PBXFileReference; lastKnownFileType = file.xib; path = HorizontalModalCurrentWaste.xib; sourceTree = "<group>"; };
		9FD7230225382BFF00E761AB /* HorizontalModalCurrentWaste.swift */ = {isa = PBXFileReference; lastKnownFileType = sourcecode.swift; path = HorizontalModalCurrentWaste.swift; sourceTree = "<group>"; };
/* End PBXFileReference section */

/* Begin PBXFrameworksBuildPhase section */
		5934E32D2531FC480082D01D /* Frameworks */ = {
			isa = PBXFrameworksBuildPhase;
			buildActionMask = 2147483647;
			files = (
				B4B3B194540C520EED42AE48 /* Pods_iwaste_ios.framework in Frameworks */,
			);
			runOnlyForDeploymentPostprocessing = 0;
		};
/* End PBXFrameworksBuildPhase section */

/* Begin PBXGroup section */
		21EA55DF880B70054A067BDB /* Pods */ = {
			isa = PBXGroup;
			children = (
				8795EA6333CC938D26AC02F2 /* Pods-iwaste-ios.debug.xcconfig */,
				4CEA1D4D910B6032F99D3B7F /* Pods-iwaste-ios.release.xcconfig */,
			);
			path = Pods;
			sourceTree = "<group>";
		};
		492F8A159DA1CD4762AD9655 /* Frameworks */ = {
			isa = PBXGroup;
			children = (
				855B67F695D99579871E8C57 /* Pods_iwaste_ios.framework */,
			);
			name = Frameworks;
			sourceTree = "<group>";
		};
		591D06962537E3680008098A /* Model */ = {
			isa = PBXGroup;
			children = (
				591D06972537E37A0008098A /* ModelWaste.swift */,
				591D069A2537E3F00008098A /* DataCategory.swift */,
				591D069D2538059E0008098A /* ModelWasteAdded.swift */,
			);
			path = Model;
			sourceTree = "<group>";
		};
		591D06A425382D390008098A /* Presenter */ = {
			isa = PBXGroup;
			children = (
				591D06A125382CF80008098A /* AddNewWastePresenter.swift */,
			);
			path = Presenter;
			sourceTree = "<group>";
		};
		591D06A625382D590008098A /* Cell */ = {
			isa = PBXGroup;
			children = (
				591D06D1253839880008098A /* HorizontalModalCurrentWaste.swift */,
				591D06D2253839880008098A /* HorizontalModalCurrentWaste.xib */,
				595F90EF2536A50A004D40CE /* HorizontalModalListView.swift */,
				595F90F02536A50A004D40CE /* HorizontalModalListView.xib */,
				595F90F42536A521004D40CE /* WasteViewCell.swift */,
				595F90F52536A521004D40CE /* WasteViewCell.xib */,
			);
			path = Cell;
			sourceTree = "<group>";
		};
		591D06AB253835660008098A /* Recovered References */ = {
			isa = PBXGroup;
			children = (
				9FD7230225382BFF00E761AB /* HorizontalModalCurrentWaste.swift */,
				9FD722FF25382AA800E761AB /* HorizontalModalCurrentWaste.xib */,
			);
			name = "Recovered References";
			sourceTree = "<group>";
		};
		5934E3272531FC480082D01D = {
			isa = PBXGroup;
			children = (
				5934E3322531FC480082D01D /* iwaste-ios */,
				5934E3312531FC480082D01D /* Products */,
				21EA55DF880B70054A067BDB /* Pods */,
				492F8A159DA1CD4762AD9655 /* Frameworks */,
				591D06AB253835660008098A /* Recovered References */,
			);
			sourceTree = "<group>";
		};
		5934E3312531FC480082D01D /* Products */ = {
			isa = PBXGroup;
			children = (
				5934E3302531FC480082D01D /* iwaste-ios.app */,
			);
			name = Products;
			sourceTree = "<group>";
		};
		5934E3322531FC480082D01D /* iwaste-ios */ = {
			isa = PBXGroup;
			children = (
				59FBF2A925362A1D00F940D5 /* Service */,
				59FBF2A5253629FE00F940D5 /* Base */,
				59FBF2A625362A0900F940D5 /* Main */,
				59FBF2A725362A0D00F940D5 /* Achievement */,
				59FBF2A825362A1500F940D5 /* History */,
				5934E3332531FC480082D01D /* AppDelegate.swift */,
				5934E3352531FC480082D01D /* SceneDelegate.swift */,
				5934E33F2531FC4A0082D01D /* Assets.xcassets */,
				5934E3412531FC4A0082D01D /* LaunchScreen.storyboard */,
				5934E3442531FC4A0082D01D /* Info.plist */,
			);
			path = "iwaste-ios";
			sourceTree = "<group>";
		};
		595F90EE2536A4C2004D40CE /* View */ = {
			isa = PBXGroup;
			children = (
				591D06A625382D590008098A /* Cell */,
				595F90F92536A55D004D40CE /* AddNewWasteVC.swift */,
				9FC20D722536BA30007A828E /* CurrentWasteVC.swift */,
			);
			path = View;
			sourceTree = "<group>";
		};
		59FBF2A5253629FE00F940D5 /* Base */ = {
			isa = PBXGroup;
			children = (
				5934E3392531FC480082D01D /* Base.storyboard */,
				5934E3372531FC480082D01D /* TabMyWasteVC.swift */,
			);
			path = Base;
			sourceTree = "<group>";
		};
		59FBF2A625362A0900F940D5 /* Main */ = {
			isa = PBXGroup;
			children = (
				591D06962537E3680008098A /* Model */,
				595F90EE2536A4C2004D40CE /* View */,
				591D06A425382D390008098A /* Presenter */,
				59FBF2AC25362AAD00F940D5 /* Main.storyboard */,
			);
			path = Main;
			sourceTree = "<group>";
		};
		59FBF2A725362A0D00F940D5 /* Achievement */ = {
			isa = PBXGroup;
			children = (
			);
			path = Achievement;
			sourceTree = "<group>";
		};
		59FBF2A825362A1500F940D5 /* History */ = {
			isa = PBXGroup;
			children = (
			);
			path = History;
			sourceTree = "<group>";
		};
		59FBF2A925362A1D00F940D5 /* Service */ = {
			isa = PBXGroup;
			children = (
				5934E33C2531FC480082D01D /* iwaste_ios.xcdatamodeld */,
				591D06A825382FA00008098A /* Constans.swift */,
			);
			path = Service;
			sourceTree = "<group>";
		};
/* End PBXGroup section */

/* Begin PBXNativeTarget section */
		5934E32F2531FC480082D01D /* iwaste-ios */ = {
			isa = PBXNativeTarget;
			buildConfigurationList = 5934E3472531FC4A0082D01D /* Build configuration list for PBXNativeTarget "iwaste-ios" */;
			buildPhases = (
				8294CB87EF2BA22702EFC743 /* [CP] Check Pods Manifest.lock */,
				5934E32C2531FC480082D01D /* Sources */,
				5934E32D2531FC480082D01D /* Frameworks */,
				5934E32E2531FC480082D01D /* Resources */,
				C841728FE77A96795CB92ABF /* [CP] Embed Pods Frameworks */,
			);
			buildRules = (
			);
			dependencies = (
			);
			name = "iwaste-ios";
			productName = "iwaste-ios";
			productReference = 5934E3302531FC480082D01D /* iwaste-ios.app */;
			productType = "com.apple.product-type.application";
		};
/* End PBXNativeTarget section */

/* Begin PBXProject section */
		5934E3282531FC480082D01D /* Project object */ = {
			isa = PBXProject;
			attributes = {
				LastSwiftUpdateCheck = 1200;
				LastUpgradeCheck = 1200;
				TargetAttributes = {
					5934E32F2531FC480082D01D = {
						CreatedOnToolsVersion = 12.0.1;
					};
				};
			};
			buildConfigurationList = 5934E32B2531FC480082D01D /* Build configuration list for PBXProject "iwaste-ios" */;
			compatibilityVersion = "Xcode 9.3";
			developmentRegion = en;
			hasScannedForEncodings = 0;
			knownRegions = (
				en,
				Base,
			);
			mainGroup = 5934E3272531FC480082D01D;
			productRefGroup = 5934E3312531FC480082D01D /* Products */;
			projectDirPath = "";
			projectRoot = "";
			targets = (
				5934E32F2531FC480082D01D /* iwaste-ios */,
			);
		};
/* End PBXProject section */

/* Begin PBXResourcesBuildPhase section */
		5934E32E2531FC480082D01D /* Resources */ = {
			isa = PBXResourcesBuildPhase;
			buildActionMask = 2147483647;
			files = (
				5934E3432531FC4A0082D01D /* LaunchScreen.storyboard in Resources */,
				5934E3402531FC4A0082D01D /* Assets.xcassets in Resources */,
				5934E33B2531FC480082D01D /* Base.storyboard in Resources */,
				595F90F72536A521004D40CE /* WasteViewCell.xib in Resources */,
				591D06D4253839880008098A /* HorizontalModalCurrentWaste.xib in Resources */,
				59FBF2AD25362AAD00F940D5 /* Main.storyboard in Resources */,
				595F90F22536A50A004D40CE /* HorizontalModalListView.xib in Resources */,
			);
			runOnlyForDeploymentPostprocessing = 0;
		};
/* End PBXResourcesBuildPhase section */

/* Begin PBXShellScriptBuildPhase section */
		8294CB87EF2BA22702EFC743 /* [CP] Check Pods Manifest.lock */ = {
			isa = PBXShellScriptBuildPhase;
			buildActionMask = 2147483647;
			files = (
			);
			inputFileListPaths = (
			);
			inputPaths = (
				"${PODS_PODFILE_DIR_PATH}/Podfile.lock",
				"${PODS_ROOT}/Manifest.lock",
			);
			name = "[CP] Check Pods Manifest.lock";
			outputFileListPaths = (
			);
			outputPaths = (
				"$(DERIVED_FILE_DIR)/Pods-iwaste-ios-checkManifestLockResult.txt",
			);
			runOnlyForDeploymentPostprocessing = 0;
			shellPath = /bin/sh;
			shellScript = "diff \"${PODS_PODFILE_DIR_PATH}/Podfile.lock\" \"${PODS_ROOT}/Manifest.lock\" > /dev/null\nif [ $? != 0 ] ; then\n    # print error to STDERR\n    echo \"error: The sandbox is not in sync with the Podfile.lock. Run 'pod install' or update your CocoaPods installation.\" >&2\n    exit 1\nfi\n# This output is used by Xcode 'outputs' to avoid re-running this script phase.\necho \"SUCCESS\" > \"${SCRIPT_OUTPUT_FILE_0}\"\n";
			showEnvVarsInLog = 0;
		};
		C841728FE77A96795CB92ABF /* [CP] Embed Pods Frameworks */ = {
			isa = PBXShellScriptBuildPhase;
			buildActionMask = 2147483647;
			files = (
			);
			inputFileListPaths = (
				"${PODS_ROOT}/Target Support Files/Pods-iwaste-ios/Pods-iwaste-ios-frameworks-${CONFIGURATION}-input-files.xcfilelist",
			);
			name = "[CP] Embed Pods Frameworks";
			outputFileListPaths = (
				"${PODS_ROOT}/Target Support Files/Pods-iwaste-ios/Pods-iwaste-ios-frameworks-${CONFIGURATION}-output-files.xcfilelist",
			);
			runOnlyForDeploymentPostprocessing = 0;
			shellPath = /bin/sh;
			shellScript = "\"${PODS_ROOT}/Target Support Files/Pods-iwaste-ios/Pods-iwaste-ios-frameworks.sh\"\n";
			showEnvVarsInLog = 0;
		};
/* End PBXShellScriptBuildPhase section */

/* Begin PBXSourcesBuildPhase section */
		5934E32C2531FC480082D01D /* Sources */ = {
			isa = PBXSourcesBuildPhase;
			buildActionMask = 2147483647;
			files = (
				591D06A225382CF80008098A /* AddNewWastePresenter.swift in Sources */,
				595F90FA2536A55D004D40CE /* AddNewWasteVC.swift in Sources */,
				595F90F12536A50A004D40CE /* HorizontalModalListView.swift in Sources */,
				595F90F62536A521004D40CE /* WasteViewCell.swift in Sources */,
				591D06982537E37A0008098A /* ModelWaste.swift in Sources */,
				5934E3382531FC480082D01D /* TabMyWasteVC.swift in Sources */,
				591D06A925382FA00008098A /* Constans.swift in Sources */,
				5934E3342531FC480082D01D /* AppDelegate.swift in Sources */,
				591D06D3253839880008098A /* HorizontalModalCurrentWaste.swift in Sources */,
				5934E33E2531FC480082D01D /* iwaste_ios.xcdatamodeld in Sources */,
				591D069E2538059E0008098A /* ModelWasteAdded.swift in Sources */,
				591D069B2537E3F00008098A /* DataCategory.swift in Sources */,
				5934E3362531FC480082D01D /* SceneDelegate.swift in Sources */,
				9FC20D732536BA30007A828E /* CurrentWasteVC.swift in Sources */,
			);
			runOnlyForDeploymentPostprocessing = 0;
		};
/* End PBXSourcesBuildPhase section */

/* Begin PBXVariantGroup section */
		5934E3392531FC480082D01D /* Base.storyboard */ = {
			isa = PBXVariantGroup;
			children = (
				5934E33A2531FC480082D01D /* Base */,
			);
			name = Base.storyboard;
			sourceTree = "<group>";
		};
		5934E3412531FC4A0082D01D /* LaunchScreen.storyboard */ = {
			isa = PBXVariantGroup;
			children = (
				5934E3422531FC4A0082D01D /* Base */,
			);
			name = LaunchScreen.storyboard;
			sourceTree = "<group>";
		};
/* End PBXVariantGroup section */

/* Begin XCBuildConfiguration section */
		5934E3452531FC4A0082D01D /* Debug */ = {
			isa = XCBuildConfiguration;
			buildSettings = {
				ALWAYS_SEARCH_USER_PATHS = NO;
				CLANG_ANALYZER_NONNULL = YES;
				CLANG_ANALYZER_NUMBER_OBJECT_CONVERSION = YES_AGGRESSIVE;
				CLANG_CXX_LANGUAGE_STANDARD = "gnu++14";
				CLANG_CXX_LIBRARY = "libc++";
				CLANG_ENABLE_MODULES = YES;
				CLANG_ENABLE_OBJC_ARC = YES;
				CLANG_ENABLE_OBJC_WEAK = YES;
				CLANG_WARN_BLOCK_CAPTURE_AUTORELEASING = YES;
				CLANG_WARN_BOOL_CONVERSION = YES;
				CLANG_WARN_COMMA = YES;
				CLANG_WARN_CONSTANT_CONVERSION = YES;
				CLANG_WARN_DEPRECATED_OBJC_IMPLEMENTATIONS = YES;
				CLANG_WARN_DIRECT_OBJC_ISA_USAGE = YES_ERROR;
				CLANG_WARN_DOCUMENTATION_COMMENTS = YES;
				CLANG_WARN_EMPTY_BODY = YES;
				CLANG_WARN_ENUM_CONVERSION = YES;
				CLANG_WARN_INFINITE_RECURSION = YES;
				CLANG_WARN_INT_CONVERSION = YES;
				CLANG_WARN_NON_LITERAL_NULL_CONVERSION = YES;
				CLANG_WARN_OBJC_IMPLICIT_RETAIN_SELF = YES;
				CLANG_WARN_OBJC_LITERAL_CONVERSION = YES;
				CLANG_WARN_OBJC_ROOT_CLASS = YES_ERROR;
				CLANG_WARN_QUOTED_INCLUDE_IN_FRAMEWORK_HEADER = YES;
				CLANG_WARN_RANGE_LOOP_ANALYSIS = YES;
				CLANG_WARN_STRICT_PROTOTYPES = YES;
				CLANG_WARN_SUSPICIOUS_MOVE = YES;
				CLANG_WARN_UNGUARDED_AVAILABILITY = YES_AGGRESSIVE;
				CLANG_WARN_UNREACHABLE_CODE = YES;
				CLANG_WARN__DUPLICATE_METHOD_MATCH = YES;
				COPY_PHASE_STRIP = NO;
				DEBUG_INFORMATION_FORMAT = dwarf;
				ENABLE_STRICT_OBJC_MSGSEND = YES;
				ENABLE_TESTABILITY = YES;
				GCC_C_LANGUAGE_STANDARD = gnu11;
				GCC_DYNAMIC_NO_PIC = NO;
				GCC_NO_COMMON_BLOCKS = YES;
				GCC_OPTIMIZATION_LEVEL = 0;
				GCC_PREPROCESSOR_DEFINITIONS = (
					"DEBUG=1",
					"$(inherited)",
				);
				GCC_WARN_64_TO_32_BIT_CONVERSION = YES;
				GCC_WARN_ABOUT_RETURN_TYPE = YES_ERROR;
				GCC_WARN_UNDECLARED_SELECTOR = YES;
				GCC_WARN_UNINITIALIZED_AUTOS = YES_AGGRESSIVE;
				GCC_WARN_UNUSED_FUNCTION = YES;
				GCC_WARN_UNUSED_VARIABLE = YES;
				IPHONEOS_DEPLOYMENT_TARGET = 13.0;
				MTL_ENABLE_DEBUG_INFO = INCLUDE_SOURCE;
				MTL_FAST_MATH = YES;
				ONLY_ACTIVE_ARCH = YES;
				SDKROOT = iphoneos;
				SWIFT_ACTIVE_COMPILATION_CONDITIONS = DEBUG;
				SWIFT_OPTIMIZATION_LEVEL = "-Onone";
			};
			name = Debug;
		};
		5934E3462531FC4A0082D01D /* Release */ = {
			isa = XCBuildConfiguration;
			buildSettings = {
				ALWAYS_SEARCH_USER_PATHS = NO;
				CLANG_ANALYZER_NONNULL = YES;
				CLANG_ANALYZER_NUMBER_OBJECT_CONVERSION = YES_AGGRESSIVE;
				CLANG_CXX_LANGUAGE_STANDARD = "gnu++14";
				CLANG_CXX_LIBRARY = "libc++";
				CLANG_ENABLE_MODULES = YES;
				CLANG_ENABLE_OBJC_ARC = YES;
				CLANG_ENABLE_OBJC_WEAK = YES;
				CLANG_WARN_BLOCK_CAPTURE_AUTORELEASING = YES;
				CLANG_WARN_BOOL_CONVERSION = YES;
				CLANG_WARN_COMMA = YES;
				CLANG_WARN_CONSTANT_CONVERSION = YES;
				CLANG_WARN_DEPRECATED_OBJC_IMPLEMENTATIONS = YES;
				CLANG_WARN_DIRECT_OBJC_ISA_USAGE = YES_ERROR;
				CLANG_WARN_DOCUMENTATION_COMMENTS = YES;
				CLANG_WARN_EMPTY_BODY = YES;
				CLANG_WARN_ENUM_CONVERSION = YES;
				CLANG_WARN_INFINITE_RECURSION = YES;
				CLANG_WARN_INT_CONVERSION = YES;
				CLANG_WARN_NON_LITERAL_NULL_CONVERSION = YES;
				CLANG_WARN_OBJC_IMPLICIT_RETAIN_SELF = YES;
				CLANG_WARN_OBJC_LITERAL_CONVERSION = YES;
				CLANG_WARN_OBJC_ROOT_CLASS = YES_ERROR;
				CLANG_WARN_QUOTED_INCLUDE_IN_FRAMEWORK_HEADER = YES;
				CLANG_WARN_RANGE_LOOP_ANALYSIS = YES;
				CLANG_WARN_STRICT_PROTOTYPES = YES;
				CLANG_WARN_SUSPICIOUS_MOVE = YES;
				CLANG_WARN_UNGUARDED_AVAILABILITY = YES_AGGRESSIVE;
				CLANG_WARN_UNREACHABLE_CODE = YES;
				CLANG_WARN__DUPLICATE_METHOD_MATCH = YES;
				COPY_PHASE_STRIP = NO;
				DEBUG_INFORMATION_FORMAT = "dwarf-with-dsym";
				ENABLE_NS_ASSERTIONS = NO;
				ENABLE_STRICT_OBJC_MSGSEND = YES;
				GCC_C_LANGUAGE_STANDARD = gnu11;
				GCC_NO_COMMON_BLOCKS = YES;
				GCC_WARN_64_TO_32_BIT_CONVERSION = YES;
				GCC_WARN_ABOUT_RETURN_TYPE = YES_ERROR;
				GCC_WARN_UNDECLARED_SELECTOR = YES;
				GCC_WARN_UNINITIALIZED_AUTOS = YES_AGGRESSIVE;
				GCC_WARN_UNUSED_FUNCTION = YES;
				GCC_WARN_UNUSED_VARIABLE = YES;
				IPHONEOS_DEPLOYMENT_TARGET = 13.0;
				MTL_ENABLE_DEBUG_INFO = NO;
				MTL_FAST_MATH = YES;
				SDKROOT = iphoneos;
				SWIFT_COMPILATION_MODE = wholemodule;
				SWIFT_OPTIMIZATION_LEVEL = "-O";
				VALIDATE_PRODUCT = YES;
			};
			name = Release;
		};
		5934E3482531FC4A0082D01D /* Debug */ = {
			isa = XCBuildConfiguration;
			baseConfigurationReference = 8795EA6333CC938D26AC02F2 /* Pods-iwaste-ios.debug.xcconfig */;
			buildSettings = {
				ASSETCATALOG_COMPILER_APPICON_NAME = AppIcon;
				ASSETCATALOG_COMPILER_GLOBAL_ACCENT_COLOR_NAME = AccentColor;
				CODE_SIGN_STYLE = Automatic;
				DEVELOPMENT_TEAM = KL6VLPSW8Q;
				INFOPLIST_FILE = "iwaste-ios/Info.plist";
				LD_RUNPATH_SEARCH_PATHS = (
					"$(inherited)",
					"@executable_path/Frameworks",
				);
				PRODUCT_BUNDLE_IDENTIFIER = "com.infiniteloop.iwaste-ios";
				PRODUCT_NAME = "$(TARGET_NAME)";
				SWIFT_VERSION = 5.0;
				TARGETED_DEVICE_FAMILY = "1,2";
			};
			name = Debug;
		};
		5934E3492531FC4A0082D01D /* Release */ = {
			isa = XCBuildConfiguration;
			baseConfigurationReference = 4CEA1D4D910B6032F99D3B7F /* Pods-iwaste-ios.release.xcconfig */;
			buildSettings = {
				ASSETCATALOG_COMPILER_APPICON_NAME = AppIcon;
				ASSETCATALOG_COMPILER_GLOBAL_ACCENT_COLOR_NAME = AccentColor;
				CODE_SIGN_STYLE = Automatic;
				DEVELOPMENT_TEAM = KL6VLPSW8Q;
				INFOPLIST_FILE = "iwaste-ios/Info.plist";
				LD_RUNPATH_SEARCH_PATHS = (
					"$(inherited)",
					"@executable_path/Frameworks",
				);
				PRODUCT_BUNDLE_IDENTIFIER = "com.infiniteloop.iwaste-ios";
				PRODUCT_NAME = "$(TARGET_NAME)";
				SWIFT_VERSION = 5.0;
				TARGETED_DEVICE_FAMILY = "1,2";
			};
			name = Release;
		};
/* End XCBuildConfiguration section */

/* Begin XCConfigurationList section */
		5934E32B2531FC480082D01D /* Build configuration list for PBXProject "iwaste-ios" */ = {
			isa = XCConfigurationList;
			buildConfigurations = (
				5934E3452531FC4A0082D01D /* Debug */,
				5934E3462531FC4A0082D01D /* Release */,
			);
			defaultConfigurationIsVisible = 0;
			defaultConfigurationName = Release;
		};
		5934E3472531FC4A0082D01D /* Build configuration list for PBXNativeTarget "iwaste-ios" */ = {
			isa = XCConfigurationList;
			buildConfigurations = (
				5934E3482531FC4A0082D01D /* Debug */,
				5934E3492531FC4A0082D01D /* Release */,
			);
			defaultConfigurationIsVisible = 0;
			defaultConfigurationName = Release;
		};
/* End XCConfigurationList section */

/* Begin XCVersionGroup section */
		5934E33C2531FC480082D01D /* iwaste_ios.xcdatamodeld */ = {
			isa = XCVersionGroup;
			children = (
				5934E33D2531FC480082D01D /* iwaste_ios.xcdatamodel */,
			);
			currentVersion = 5934E33D2531FC480082D01D /* iwaste_ios.xcdatamodel */;
			path = iwaste_ios.xcdatamodeld;
			sourceTree = "<group>";
			versionGroupType = wrapper.xcdatamodel;
		};
/* End XCVersionGroup section */
	};
	rootObject = 5934E3282531FC480082D01D /* Project object */;
}
