// !$*UTF8*$!
{
	archiveVersion = 1;
	classes = {
	};
	objectVersion = 51;
	objects = {

/* Begin PBXBuildFile section */
		50587E0C255F977000C2CA73 /* Main.storyboard in Resources */ = {isa = PBXBuildFile; fileRef = 50587E0E255F977000C2CA73 /* Main.storyboard */; };
		50587E13256033D800C2CA73 /* Achievement.storyboard in Resources */ = {isa = PBXBuildFile; fileRef = 50587E15256033D800C2CA73 /* Achievement.storyboard */; };
		50587E222560403C00C2CA73 /* History.storyboard in Resources */ = {isa = PBXBuildFile; fileRef = 50587E242560403C00C2CA73 /* History.storyboard */; };
		50587E322560DEAC00C2CA73 /* Localizable.strings in Resources */ = {isa = PBXBuildFile; fileRef = 50587E342560DEAC00C2CA73 /* Localizable.strings */; };
		590A32052561640400AE0266 /* DataBadge.swift in Sources */ = {isa = PBXBuildFile; fileRef = 590A32042561640400AE0266 /* DataBadge.swift */; };
		590A32082561646800AE0266 /* BadgeDataFunction.swift in Sources */ = {isa = PBXBuildFile; fileRef = 590A32072561646800AE0266 /* BadgeDataFunction.swift */; };
		590A3219256197B000AE0266 /* Alert.storyboard in Resources */ = {isa = PBXBuildFile; fileRef = 590A321B256197B000AE0266 /* Alert.storyboard */; };
		591D06982537E37A0008098A /* ModelWaste.swift in Sources */ = {isa = PBXBuildFile; fileRef = 591D06972537E37A0008098A /* ModelWaste.swift */; };
		591D069B2537E3F00008098A /* DataCategory.swift in Sources */ = {isa = PBXBuildFile; fileRef = 591D069A2537E3F00008098A /* DataCategory.swift */; };
		591D069E2538059E0008098A /* ModelWasteAdded.swift in Sources */ = {isa = PBXBuildFile; fileRef = 591D069D2538059E0008098A /* ModelWasteAdded.swift */; };
		591D06A225382CF80008098A /* AddNewWastePresenter.swift in Sources */ = {isa = PBXBuildFile; fileRef = 591D06A125382CF80008098A /* AddNewWastePresenter.swift */; };
		591D06A925382FA00008098A /* Constans.swift in Sources */ = {isa = PBXBuildFile; fileRef = 591D06A825382FA00008098A /* Constans.swift */; };
		591D06D3253839880008098A /* HorizontalModalCurrentWaste.swift in Sources */ = {isa = PBXBuildFile; fileRef = 591D06D1253839880008098A /* HorizontalModalCurrentWaste.swift */; };
		591D06D4253839880008098A /* HorizontalModalCurrentWaste.xib in Resources */ = {isa = PBXBuildFile; fileRef = 591D06D2253839880008098A /* HorizontalModalCurrentWaste.xib */; };
		591D06DF253B02390008098A /* CurrentViewCell.swift in Sources */ = {isa = PBXBuildFile; fileRef = 591D06DD253B02390008098A /* CurrentViewCell.swift */; };
		591D06E0253B02390008098A /* CurrentViewCell.xib in Resources */ = {isa = PBXBuildFile; fileRef = 591D06DE253B02390008098A /* CurrentViewCell.xib */; };
		591D077B253D4B0D0008098A /* UserDefaultService.swift in Sources */ = {isa = PBXBuildFile; fileRef = 591D077A253D4B0C0008098A /* UserDefaultService.swift */; };
		591D0781253DF1BB0008098A /* CardCategoryCell.swift in Sources */ = {isa = PBXBuildFile; fileRef = 591D077F253DF1BB0008098A /* CardCategoryCell.swift */; };
		591D0782253DF1BB0008098A /* CardCategoryCell.xib in Resources */ = {isa = PBXBuildFile; fileRef = 591D0780253DF1BB0008098A /* CardCategoryCell.xib */; };
		5928C91025506BAA003489C5 /* AlertDoneChallengeVC.swift in Sources */ = {isa = PBXBuildFile; fileRef = 5928C90F25506BAA003489C5 /* AlertDoneChallengeVC.swift */; };
		5928C91325506BB7003489C5 /* AlertUtil.swift in Sources */ = {isa = PBXBuildFile; fileRef = 5928C91225506BB7003489C5 /* AlertUtil.swift */; };
		5928C916255074BA003489C5 /* AlertLevelUpVC.swift in Sources */ = {isa = PBXBuildFile; fileRef = 5928C915255074BA003489C5 /* AlertLevelUpVC.swift */; };
		5934E3342531FC480082D01D /* AppDelegate.swift in Sources */ = {isa = PBXBuildFile; fileRef = 5934E3332531FC480082D01D /* AppDelegate.swift */; };
		5934E3362531FC480082D01D /* SceneDelegate.swift in Sources */ = {isa = PBXBuildFile; fileRef = 5934E3352531FC480082D01D /* SceneDelegate.swift */; };
		5934E3382531FC480082D01D /* TabMyWasteVC.swift in Sources */ = {isa = PBXBuildFile; fileRef = 5934E3372531FC480082D01D /* TabMyWasteVC.swift */; };
		5934E33B2531FC480082D01D /* Base.storyboard in Resources */ = {isa = PBXBuildFile; fileRef = 5934E3392531FC480082D01D /* Base.storyboard */; };
		5934E33E2531FC480082D01D /* iwaste_ios.xcdatamodeld in Sources */ = {isa = PBXBuildFile; fileRef = 5934E33C2531FC480082D01D /* iwaste_ios.xcdatamodeld */; };
		5934E3432531FC4A0082D01D /* LaunchScreen.storyboard in Resources */ = {isa = PBXBuildFile; fileRef = 5934E3412531FC4A0082D01D /* LaunchScreen.storyboard */; };
		59450D38254F0D46000357C2 /* ModelLevel.swift in Sources */ = {isa = PBXBuildFile; fileRef = 59450D37254F0D46000357C2 /* ModelLevel.swift */; };
		59450D3D254F14E0000357C2 /* AchievementPresenter.swift in Sources */ = {isa = PBXBuildFile; fileRef = 59450D3C254F14E0000357C2 /* AchievementPresenter.swift */; };
		59450D44254F8280000357C2 /* DetailChallengePresenter.swift in Sources */ = {isa = PBXBuildFile; fileRef = 59450D43254F8280000357C2 /* DetailChallengePresenter.swift */; };
		59450D4E25506328000357C2 /* Assets.xcassets in Resources */ = {isa = PBXBuildFile; fileRef = 5934E33F2531FC4A0082D01D /* Assets.xcassets */; };
		595F90F12536A50A004D40CE /* HorizontalModalListView.swift in Sources */ = {isa = PBXBuildFile; fileRef = 595F90EF2536A50A004D40CE /* HorizontalModalListView.swift */; };
		595F90F22536A50A004D40CE /* HorizontalModalListView.xib in Resources */ = {isa = PBXBuildFile; fileRef = 595F90F02536A50A004D40CE /* HorizontalModalListView.xib */; };
		595F90F62536A521004D40CE /* WasteViewCell.swift in Sources */ = {isa = PBXBuildFile; fileRef = 595F90F42536A521004D40CE /* WasteViewCell.swift */; };
		595F90F72536A521004D40CE /* WasteViewCell.xib in Resources */ = {isa = PBXBuildFile; fileRef = 595F90F52536A521004D40CE /* WasteViewCell.xib */; };
		595F90FA2536A55D004D40CE /* AddNewWasteVC.swift in Sources */ = {isa = PBXBuildFile; fileRef = 595F90F92536A55D004D40CE /* AddNewWasteVC.swift */; };
		598A76852552B21300154BC1 /* BadgeService.swift in Sources */ = {isa = PBXBuildFile; fileRef = 598A76842552B21300154BC1 /* BadgeService.swift */; };
		598A76882552B73300154BC1 /* Date.swift in Sources */ = {isa = PBXBuildFile; fileRef = 598A76872552B73300154BC1 /* Date.swift */; };
		598A768B2552FC5C00154BC1 /* NotificationService.swift in Sources */ = {isa = PBXBuildFile; fileRef = 598A768A2552FC5C00154BC1 /* NotificationService.swift */; };
		59AA9DEA2544413B0074644A /* HistoryVC.swift in Sources */ = {isa = PBXBuildFile; fileRef = 59AA9DE92544413B0074644A /* HistoryVC.swift */; };
		59AA9DF3254473060074644A /* ChartService.swift in Sources */ = {isa = PBXBuildFile; fileRef = 59AA9DF2254473060074644A /* ChartService.swift */; };
		59AA9E0025448BE20074644A /* DetailHistoryCell.swift in Sources */ = {isa = PBXBuildFile; fileRef = 59AA9DFE25448BE20074644A /* DetailHistoryCell.swift */; };
		59AA9E0125448BE20074644A /* DetailHistoryCell.xib in Resources */ = {isa = PBXBuildFile; fileRef = 59AA9DFF25448BE20074644A /* DetailHistoryCell.xib */; };
		59AA9E0425448D6B0074644A /* DetailHistoryVC.swift in Sources */ = {isa = PBXBuildFile; fileRef = 59AA9E0325448D6B0074644A /* DetailHistoryVC.swift */; };
		59B2F63125471AE80010DCA4 /* MyWastePresenter.swift in Sources */ = {isa = PBXBuildFile; fileRef = 59B2F63025471AE80010DCA4 /* MyWastePresenter.swift */; };
		59C8D2D72550DD9F00E55CF2 /* BadgeViewCell.swift in Sources */ = {isa = PBXBuildFile; fileRef = 59C8D2D52550DD9F00E55CF2 /* BadgeViewCell.swift */; };
		59C8D2D82550DD9F00E55CF2 /* BadgeViewCell.xib in Resources */ = {isa = PBXBuildFile; fileRef = 59C8D2D62550DD9F00E55CF2 /* BadgeViewCell.xib */; };
		59C8D2DB2550E08800E55CF2 /* Badges.swift in Sources */ = {isa = PBXBuildFile; fileRef = 59C8D2DA2550E08800E55CF2 /* Badges.swift */; };
		59D2EFF12547CA9600EE1B8B /* CurrentWastePresenter.swift in Sources */ = {isa = PBXBuildFile; fileRef = 59D2EFF02547CA9600EE1B8B /* CurrentWastePresenter.swift */; };
		59D2EFF42547D81500EE1B8B /* SetTargetPresenter.swift in Sources */ = {isa = PBXBuildFile; fileRef = 59D2EFF32547D81500EE1B8B /* SetTargetPresenter.swift */; };
		9F1A43DB253E89F800870DE8 /* AchievementVC.swift in Sources */ = {isa = PBXBuildFile; fileRef = 9F1A43DA253E89F800870DE8 /* AchievementVC.swift */; };
		9F1A43DE253E8BCA00870DE8 /* ActivityVC.swift in Sources */ = {isa = PBXBuildFile; fileRef = 9F1A43DD253E8BCA00870DE8 /* ActivityVC.swift */; };
		9F1A43E1253E8C2200870DE8 /* BadgesVC.swift in Sources */ = {isa = PBXBuildFile; fileRef = 9F1A43E0253E8C2200870DE8 /* BadgesVC.swift */; };
		9F1A43E4253E8F3D00870DE8 /* TableCell.swift in Sources */ = {isa = PBXBuildFile; fileRef = 9F1A43E3253E8F3C00870DE8 /* TableCell.swift */; };
		9F1A43E8253E8FDA00870DE8 /* Challenge.swift in Sources */ = {isa = PBXBuildFile; fileRef = 9F1A43E7253E8FDA00870DE8 /* Challenge.swift */; };
		9F38E9B0253C203B00B13E7A /* SetTargetVC.swift in Sources */ = {isa = PBXBuildFile; fileRef = 9F38E9AF253C203B00B13E7A /* SetTargetVC.swift */; };
		9F4143972540234500B738A0 /* DetailBadgesVC.swift in Sources */ = {isa = PBXBuildFile; fileRef = 9F4143962540234500B738A0 /* DetailBadgesVC.swift */; };
		9F42AA33253A60DF00EB8056 /* SlideView.swift in Sources */ = {isa = PBXBuildFile; fileRef = 9F42AA32253A60DF00EB8056 /* SlideView.swift */; };
		9F42AA39253A632F00EB8056 /* WelcomeVC.swift in Sources */ = {isa = PBXBuildFile; fileRef = 9F42AA38253A632F00EB8056 /* WelcomeVC.swift */; };
		9F42AA3C253A68A800EB8056 /* Slide.xib in Resources */ = {isa = PBXBuildFile; fileRef = 9F42AA36253A621E00EB8056 /* Slide.xib */; };
		9FB82750254073670042E4C8 /* DetailChallengeVC.swift in Sources */ = {isa = PBXBuildFile; fileRef = 9FB8274F254073670042E4C8 /* DetailChallengeVC.swift */; };
		9FC20D732536BA30007A828E /* CurrentWasteVC.swift in Sources */ = {isa = PBXBuildFile; fileRef = 9FC20D722536BA30007A828E /* CurrentWasteVC.swift */; };
		A824EB97254DDDAF0096975E /* CategoryCD+CoreDataClass.swift in Sources */ = {isa = PBXBuildFile; fileRef = A824EB93254DDDAF0096975E /* CategoryCD+CoreDataClass.swift */; };
		A824EB98254DDDAF0096975E /* CategoryCD+CoreDataProperties.swift in Sources */ = {isa = PBXBuildFile; fileRef = A824EB94254DDDAF0096975E /* CategoryCD+CoreDataProperties.swift */; };
		A824EB99254DDDAF0096975E /* TrashCD+CoreDataClass.swift in Sources */ = {isa = PBXBuildFile; fileRef = A824EB95254DDDAF0096975E /* TrashCD+CoreDataClass.swift */; };
		A824EB9A254DDDAF0096975E /* TrashCD+CoreDataProperties.swift in Sources */ = {isa = PBXBuildFile; fileRef = A824EB96254DDDAF0096975E /* TrashCD+CoreDataProperties.swift */; };
		A824EBA2254DDF9D0096975E /* HistoryPresenter.swift in Sources */ = {isa = PBXBuildFile; fileRef = A824EBA1254DDF9D0096975E /* HistoryPresenter.swift */; };
		A824EBA5254E13D10096975E /* DetailHistoryPresenter.swift in Sources */ = {isa = PBXBuildFile; fileRef = A824EBA4254E13D10096975E /* DetailHistoryPresenter.swift */; };
		A860DC432552BE3D0094A4C6 /* ModalSummary.swift in Sources */ = {isa = PBXBuildFile; fileRef = A860DC422552BE3D0094A4C6 /* ModalSummary.swift */; };
		A8AF7E192558CE2D00BF5FD1 /* ModelWasteHistory.swift in Sources */ = {isa = PBXBuildFile; fileRef = A8AF7E182558CE2D00BF5FD1 /* ModelWasteHistory.swift */; };
		B4B3B194540C520EED42AE48 /* Pods_iwaste_ios.framework in Frameworks */ = {isa = PBXBuildFile; fileRef = 855B67F695D99579871E8C57 /* Pods_iwaste_ios.framework */; };
/* End PBXBuildFile section */

/* Begin PBXFileReference section */
		4CEA1D4D910B6032F99D3B7F /* Pods-iwaste-ios.release.xcconfig */ = {isa = PBXFileReference; includeInIndex = 1; lastKnownFileType = text.xcconfig; name = "Pods-iwaste-ios.release.xcconfig"; path = "Target Support Files/Pods-iwaste-ios/Pods-iwaste-ios.release.xcconfig"; sourceTree = "<group>"; };
		50587E0D255F977000C2CA73 /* Base */ = {isa = PBXFileReference; lastKnownFileType = file.storyboard; name = Base; path = Base.lproj/Main.storyboard; sourceTree = "<group>"; };
		50587E11255F97A300C2CA73 /* id */ = {isa = PBXFileReference; lastKnownFileType = text.plist.strings; name = id; path = id.lproj/Main.strings; sourceTree = "<group>"; };
		50587E17256033E300C2CA73 /* Base */ = {isa = PBXFileReference; lastKnownFileType = file.storyboard; name = Base; path = Base.lproj/Achievement.storyboard; sourceTree = "<group>"; };
		50587E19256033F600C2CA73 /* en */ = {isa = PBXFileReference; lastKnownFileType = text.plist.strings; name = en; path = en.lproj/Achievement.strings; sourceTree = "<group>"; };
		50587E1A256033FC00C2CA73 /* id */ = {isa = PBXFileReference; lastKnownFileType = text.plist.strings; name = id; path = id.lproj/Achievement.strings; sourceTree = "<group>"; };
		50587E232560403C00C2CA73 /* Base */ = {isa = PBXFileReference; lastKnownFileType = file.storyboard; name = Base; path = Base.lproj/History.storyboard; sourceTree = "<group>"; };
		50587E272560404500C2CA73 /* en */ = {isa = PBXFileReference; lastKnownFileType = text.plist.strings; name = en; path = en.lproj/History.strings; sourceTree = "<group>"; };
		50587E292560407300C2CA73 /* id */ = {isa = PBXFileReference; lastKnownFileType = text.plist.strings; name = id; path = id.lproj/History.strings; sourceTree = "<group>"; };
		50587E2C2560482A00C2CA73 /* en */ = {isa = PBXFileReference; lastKnownFileType = text.plist.strings; name = en; path = en.lproj/Base.strings; sourceTree = "<group>"; };
		50587E332560DEAC00C2CA73 /* en */ = {isa = PBXFileReference; lastKnownFileType = text.plist.strings; name = en; path = en.lproj/Localizable.strings; sourceTree = "<group>"; };
		50587E422560DF8700C2CA73 /* id */ = {isa = PBXFileReference; lastKnownFileType = text.plist.strings; name = id; path = id.lproj/Localizable.strings; sourceTree = "<group>"; };
		50C3761A255EBABE0017D2A5 /* id */ = {isa = PBXFileReference; lastKnownFileType = text.plist.strings; name = id; path = id.lproj/Base.strings; sourceTree = "<group>"; };
		50C3761B255EBABE0017D2A5 /* id */ = {isa = PBXFileReference; lastKnownFileType = text.plist.strings; name = id; path = id.lproj/LaunchScreen.strings; sourceTree = "<group>"; };
		590A32042561640400AE0266 /* DataBadge.swift */ = {isa = PBXFileReference; lastKnownFileType = sourcecode.swift; path = DataBadge.swift; sourceTree = "<group>"; };
		590A32072561646800AE0266 /* BadgeDataFunction.swift */ = {isa = PBXFileReference; lastKnownFileType = sourcecode.swift; path = BadgeDataFunction.swift; sourceTree = "<group>"; };
		590A321A256197B000AE0266 /* Base */ = {isa = PBXFileReference; lastKnownFileType = file.storyboard; name = Base; path = Base.lproj/Alert.storyboard; sourceTree = "<group>"; };
		590A321E256197B200AE0266 /* en */ = {isa = PBXFileReference; lastKnownFileType = text.plist.strings; name = en; path = en.lproj/Alert.strings; sourceTree = "<group>"; };
		590A3221256197B300AE0266 /* id */ = {isa = PBXFileReference; lastKnownFileType = text.plist.strings; name = id; path = id.lproj/Alert.strings; sourceTree = "<group>"; };
		591D06972537E37A0008098A /* ModelWaste.swift */ = {isa = PBXFileReference; lastKnownFileType = sourcecode.swift; path = ModelWaste.swift; sourceTree = "<group>"; };
		591D069A2537E3F00008098A /* DataCategory.swift */ = {isa = PBXFileReference; lastKnownFileType = sourcecode.swift; path = DataCategory.swift; sourceTree = "<group>"; };
		591D069D2538059E0008098A /* ModelWasteAdded.swift */ = {isa = PBXFileReference; lastKnownFileType = sourcecode.swift; path = ModelWasteAdded.swift; sourceTree = "<group>"; };
		591D06A125382CF80008098A /* AddNewWastePresenter.swift */ = {isa = PBXFileReference; lastKnownFileType = sourcecode.swift; path = AddNewWastePresenter.swift; sourceTree = "<group>"; };
		591D06A825382FA00008098A /* Constans.swift */ = {isa = PBXFileReference; lastKnownFileType = sourcecode.swift; path = Constans.swift; sourceTree = "<group>"; };
		591D06D1253839880008098A /* HorizontalModalCurrentWaste.swift */ = {isa = PBXFileReference; fileEncoding = 4; lastKnownFileType = sourcecode.swift; name = HorizontalModalCurrentWaste.swift; path = ../HorizontalModalCurrentWaste.swift; sourceTree = "<group>"; };
		591D06D2253839880008098A /* HorizontalModalCurrentWaste.xib */ = {isa = PBXFileReference; fileEncoding = 4; lastKnownFileType = file.xib; name = HorizontalModalCurrentWaste.xib; path = ../HorizontalModalCurrentWaste.xib; sourceTree = "<group>"; };
		591D06DD253B02390008098A /* CurrentViewCell.swift */ = {isa = PBXFileReference; lastKnownFileType = sourcecode.swift; path = CurrentViewCell.swift; sourceTree = "<group>"; };
		591D06DE253B02390008098A /* CurrentViewCell.xib */ = {isa = PBXFileReference; lastKnownFileType = file.xib; path = CurrentViewCell.xib; sourceTree = "<group>"; };
		591D077A253D4B0C0008098A /* UserDefaultService.swift */ = {isa = PBXFileReference; lastKnownFileType = sourcecode.swift; path = UserDefaultService.swift; sourceTree = "<group>"; };
		591D077F253DF1BB0008098A /* CardCategoryCell.swift */ = {isa = PBXFileReference; lastKnownFileType = sourcecode.swift; path = CardCategoryCell.swift; sourceTree = "<group>"; };
		591D0780253DF1BB0008098A /* CardCategoryCell.xib */ = {isa = PBXFileReference; lastKnownFileType = file.xib; path = CardCategoryCell.xib; sourceTree = "<group>"; };
		5928C90F25506BAA003489C5 /* AlertDoneChallengeVC.swift */ = {isa = PBXFileReference; lastKnownFileType = sourcecode.swift; path = AlertDoneChallengeVC.swift; sourceTree = "<group>"; };
		5928C91225506BB7003489C5 /* AlertUtil.swift */ = {isa = PBXFileReference; lastKnownFileType = sourcecode.swift; path = AlertUtil.swift; sourceTree = "<group>"; };
		5928C915255074BA003489C5 /* AlertLevelUpVC.swift */ = {isa = PBXFileReference; lastKnownFileType = sourcecode.swift; path = AlertLevelUpVC.swift; sourceTree = "<group>"; };
		5934E3302531FC480082D01D /* iwaste-ios.app */ = {isa = PBXFileReference; explicitFileType = wrapper.application; includeInIndex = 0; path = "iwaste-ios.app"; sourceTree = BUILT_PRODUCTS_DIR; };
		5934E3332531FC480082D01D /* AppDelegate.swift */ = {isa = PBXFileReference; lastKnownFileType = sourcecode.swift; path = AppDelegate.swift; sourceTree = "<group>"; };
		5934E3352531FC480082D01D /* SceneDelegate.swift */ = {isa = PBXFileReference; lastKnownFileType = sourcecode.swift; path = SceneDelegate.swift; sourceTree = "<group>"; };
		5934E3372531FC480082D01D /* TabMyWasteVC.swift */ = {isa = PBXFileReference; lastKnownFileType = sourcecode.swift; path = TabMyWasteVC.swift; sourceTree = "<group>"; };
		5934E33A2531FC480082D01D /* Base */ = {isa = PBXFileReference; lastKnownFileType = file.storyboard; name = Base; path = Base.lproj/Base.storyboard; sourceTree = "<group>"; };
		5934E33D2531FC480082D01D /* iwaste_ios.xcdatamodel */ = {isa = PBXFileReference; lastKnownFileType = wrapper.xcdatamodel; path = iwaste_ios.xcdatamodel; sourceTree = "<group>"; };
		5934E33F2531FC4A0082D01D /* Assets.xcassets */ = {isa = PBXFileReference; lastKnownFileType = folder.assetcatalog; path = Assets.xcassets; sourceTree = "<group>"; };
		5934E3422531FC4A0082D01D /* Base */ = {isa = PBXFileReference; lastKnownFileType = file.storyboard; name = Base; path = Base.lproj/LaunchScreen.storyboard; sourceTree = "<group>"; };
		5934E3442531FC4A0082D01D /* Info.plist */ = {isa = PBXFileReference; lastKnownFileType = text.plist.xml; path = Info.plist; sourceTree = "<group>"; };
		59450D37254F0D46000357C2 /* ModelLevel.swift */ = {isa = PBXFileReference; lastKnownFileType = sourcecode.swift; path = ModelLevel.swift; sourceTree = "<group>"; };
		59450D3C254F14E0000357C2 /* AchievementPresenter.swift */ = {isa = PBXFileReference; lastKnownFileType = sourcecode.swift; path = AchievementPresenter.swift; sourceTree = "<group>"; };
		59450D43254F8280000357C2 /* DetailChallengePresenter.swift */ = {isa = PBXFileReference; lastKnownFileType = sourcecode.swift; path = DetailChallengePresenter.swift; sourceTree = "<group>"; };
		595F90EF2536A50A004D40CE /* HorizontalModalListView.swift */ = {isa = PBXFileReference; lastKnownFileType = sourcecode.swift; path = HorizontalModalListView.swift; sourceTree = "<group>"; };
		595F90F02536A50A004D40CE /* HorizontalModalListView.xib */ = {isa = PBXFileReference; lastKnownFileType = file.xib; path = HorizontalModalListView.xib; sourceTree = "<group>"; };
		595F90F42536A521004D40CE /* WasteViewCell.swift */ = {isa = PBXFileReference; lastKnownFileType = sourcecode.swift; path = WasteViewCell.swift; sourceTree = "<group>"; };
		595F90F52536A521004D40CE /* WasteViewCell.xib */ = {isa = PBXFileReference; lastKnownFileType = file.xib; path = WasteViewCell.xib; sourceTree = "<group>"; };
		595F90F92536A55D004D40CE /* AddNewWasteVC.swift */ = {isa = PBXFileReference; lastKnownFileType = sourcecode.swift; path = AddNewWasteVC.swift; sourceTree = "<group>"; };
		598A76842552B21300154BC1 /* BadgeService.swift */ = {isa = PBXFileReference; lastKnownFileType = sourcecode.swift; path = BadgeService.swift; sourceTree = "<group>"; };
		598A76872552B73300154BC1 /* Date.swift */ = {isa = PBXFileReference; lastKnownFileType = sourcecode.swift; path = Date.swift; sourceTree = "<group>"; };
		598A768A2552FC5C00154BC1 /* NotificationService.swift */ = {isa = PBXFileReference; lastKnownFileType = sourcecode.swift; path = NotificationService.swift; sourceTree = "<group>"; };
		59AA9DE92544413B0074644A /* HistoryVC.swift */ = {isa = PBXFileReference; lastKnownFileType = sourcecode.swift; path = HistoryVC.swift; sourceTree = "<group>"; };
		59AA9DF2254473060074644A /* ChartService.swift */ = {isa = PBXFileReference; lastKnownFileType = sourcecode.swift; path = ChartService.swift; sourceTree = "<group>"; };
		59AA9DFE25448BE20074644A /* DetailHistoryCell.swift */ = {isa = PBXFileReference; lastKnownFileType = sourcecode.swift; path = DetailHistoryCell.swift; sourceTree = "<group>"; };
		59AA9DFF25448BE20074644A /* DetailHistoryCell.xib */ = {isa = PBXFileReference; lastKnownFileType = file.xib; path = DetailHistoryCell.xib; sourceTree = "<group>"; };
		59AA9E0325448D6B0074644A /* DetailHistoryVC.swift */ = {isa = PBXFileReference; lastKnownFileType = sourcecode.swift; path = DetailHistoryVC.swift; sourceTree = "<group>"; };
		59B2F63025471AE80010DCA4 /* MyWastePresenter.swift */ = {isa = PBXFileReference; lastKnownFileType = sourcecode.swift; path = MyWastePresenter.swift; sourceTree = "<group>"; };
		59C8D2D52550DD9F00E55CF2 /* BadgeViewCell.swift */ = {isa = PBXFileReference; lastKnownFileType = sourcecode.swift; path = BadgeViewCell.swift; sourceTree = "<group>"; };
		59C8D2D62550DD9F00E55CF2 /* BadgeViewCell.xib */ = {isa = PBXFileReference; lastKnownFileType = file.xib; path = BadgeViewCell.xib; sourceTree = "<group>"; };
		59C8D2DA2550E08800E55CF2 /* Badges.swift */ = {isa = PBXFileReference; lastKnownFileType = sourcecode.swift; path = Badges.swift; sourceTree = "<group>"; };
		59D2EFF02547CA9600EE1B8B /* CurrentWastePresenter.swift */ = {isa = PBXFileReference; lastKnownFileType = sourcecode.swift; path = CurrentWastePresenter.swift; sourceTree = "<group>"; };
		59D2EFF32547D81500EE1B8B /* SetTargetPresenter.swift */ = {isa = PBXFileReference; lastKnownFileType = sourcecode.swift; path = SetTargetPresenter.swift; sourceTree = "<group>"; };
		855B67F695D99579871E8C57 /* Pods_iwaste_ios.framework */ = {isa = PBXFileReference; explicitFileType = wrapper.framework; includeInIndex = 0; path = Pods_iwaste_ios.framework; sourceTree = BUILT_PRODUCTS_DIR; };
		8795EA6333CC938D26AC02F2 /* Pods-iwaste-ios.debug.xcconfig */ = {isa = PBXFileReference; includeInIndex = 1; lastKnownFileType = text.xcconfig; name = "Pods-iwaste-ios.debug.xcconfig"; path = "Target Support Files/Pods-iwaste-ios/Pods-iwaste-ios.debug.xcconfig"; sourceTree = "<group>"; };
		9F1A43DA253E89F800870DE8 /* AchievementVC.swift */ = {isa = PBXFileReference; lastKnownFileType = sourcecode.swift; path = AchievementVC.swift; sourceTree = "<group>"; };
		9F1A43DD253E8BCA00870DE8 /* ActivityVC.swift */ = {isa = PBXFileReference; lastKnownFileType = sourcecode.swift; path = ActivityVC.swift; sourceTree = "<group>"; };
		9F1A43E0253E8C2200870DE8 /* BadgesVC.swift */ = {isa = PBXFileReference; lastKnownFileType = sourcecode.swift; path = BadgesVC.swift; sourceTree = "<group>"; };
		9F1A43E3253E8F3C00870DE8 /* TableCell.swift */ = {isa = PBXFileReference; lastKnownFileType = sourcecode.swift; path = TableCell.swift; sourceTree = "<group>"; };
		9F1A43E7253E8FDA00870DE8 /* Challenge.swift */ = {isa = PBXFileReference; lastKnownFileType = sourcecode.swift; path = Challenge.swift; sourceTree = "<group>"; };
		9F38E9AF253C203B00B13E7A /* SetTargetVC.swift */ = {isa = PBXFileReference; lastKnownFileType = sourcecode.swift; path = SetTargetVC.swift; sourceTree = "<group>"; };
		9F4143962540234500B738A0 /* DetailBadgesVC.swift */ = {isa = PBXFileReference; lastKnownFileType = sourcecode.swift; path = DetailBadgesVC.swift; sourceTree = "<group>"; };
		9F42AA32253A60DF00EB8056 /* SlideView.swift */ = {isa = PBXFileReference; lastKnownFileType = sourcecode.swift; path = SlideView.swift; sourceTree = "<group>"; };
		9F42AA36253A621E00EB8056 /* Slide.xib */ = {isa = PBXFileReference; lastKnownFileType = file.xib; path = Slide.xib; sourceTree = "<group>"; };
		9F42AA38253A632F00EB8056 /* WelcomeVC.swift */ = {isa = PBXFileReference; lastKnownFileType = sourcecode.swift; path = WelcomeVC.swift; sourceTree = "<group>"; };
		9FB8274F254073670042E4C8 /* DetailChallengeVC.swift */ = {isa = PBXFileReference; lastKnownFileType = sourcecode.swift; path = DetailChallengeVC.swift; sourceTree = "<group>"; };
		9FC20D722536BA30007A828E /* CurrentWasteVC.swift */ = {isa = PBXFileReference; lastKnownFileType = sourcecode.swift; path = CurrentWasteVC.swift; sourceTree = "<group>"; };
		9FD722FF25382AA800E761AB /* HorizontalModalCurrentWaste.xib */ = {isa = PBXFileReference; lastKnownFileType = file.xib; path = HorizontalModalCurrentWaste.xib; sourceTree = "<group>"; };
		9FD7230225382BFF00E761AB /* HorizontalModalCurrentWaste.swift */ = {isa = PBXFileReference; lastKnownFileType = sourcecode.swift; path = HorizontalModalCurrentWaste.swift; sourceTree = "<group>"; };
		A824EB93254DDDAF0096975E /* CategoryCD+CoreDataClass.swift */ = {isa = PBXFileReference; lastKnownFileType = sourcecode.swift; path = "CategoryCD+CoreDataClass.swift"; sourceTree = SOURCE_ROOT; };
		A824EB94254DDDAF0096975E /* CategoryCD+CoreDataProperties.swift */ = {isa = PBXFileReference; lastKnownFileType = sourcecode.swift; path = "CategoryCD+CoreDataProperties.swift"; sourceTree = SOURCE_ROOT; };
		A824EB95254DDDAF0096975E /* TrashCD+CoreDataClass.swift */ = {isa = PBXFileReference; lastKnownFileType = sourcecode.swift; path = "TrashCD+CoreDataClass.swift"; sourceTree = SOURCE_ROOT; };
		A824EB96254DDDAF0096975E /* TrashCD+CoreDataProperties.swift */ = {isa = PBXFileReference; lastKnownFileType = sourcecode.swift; path = "TrashCD+CoreDataProperties.swift"; sourceTree = SOURCE_ROOT; };
		A824EBA1254DDF9D0096975E /* HistoryPresenter.swift */ = {isa = PBXFileReference; lastKnownFileType = sourcecode.swift; path = HistoryPresenter.swift; sourceTree = "<group>"; };
		A824EBA4254E13D10096975E /* DetailHistoryPresenter.swift */ = {isa = PBXFileReference; lastKnownFileType = sourcecode.swift; name = DetailHistoryPresenter.swift; path = "iwaste-ios/Base/TabBar/Presenter/DetailHistoryPresenter.swift"; sourceTree = SOURCE_ROOT; };
		A860DC422552BE3D0094A4C6 /* ModalSummary.swift */ = {isa = PBXFileReference; lastKnownFileType = sourcecode.swift; path = ModalSummary.swift; sourceTree = "<group>"; };
		A8AF7E182558CE2D00BF5FD1 /* ModelWasteHistory.swift */ = {isa = PBXFileReference; lastKnownFileType = sourcecode.swift; path = ModelWasteHistory.swift; sourceTree = "<group>"; };
/* End PBXFileReference section */

/* Begin PBXFrameworksBuildPhase section */
		5934E32D2531FC480082D01D /* Frameworks */ = {
			isa = PBXFrameworksBuildPhase;
			buildActionMask = 2147483647;
			files = (
				B4B3B194540C520EED42AE48 /* Pods_iwaste_ios.framework in Frameworks */,
			);
			runOnlyForDeploymentPostprocessing = 0;
		};
/* End PBXFrameworksBuildPhase section */

/* Begin PBXGroup section */
		21EA55DF880B70054A067BDB /* Pods */ = {
			isa = PBXGroup;
			children = (
				8795EA6333CC938D26AC02F2 /* Pods-iwaste-ios.debug.xcconfig */,
				4CEA1D4D910B6032F99D3B7F /* Pods-iwaste-ios.release.xcconfig */,
			);
			path = Pods;
			sourceTree = "<group>";
		};
		492F8A159DA1CD4762AD9655 /* Frameworks */ = {
			isa = PBXGroup;
			children = (
				855B67F695D99579871E8C57 /* Pods_iwaste_ios.framework */,
			);
			name = Frameworks;
			sourceTree = "<group>";
		};
		591D06962537E3680008098A /* Model */ = {
			isa = PBXGroup;
			children = (
				591D06972537E37A0008098A /* ModelWaste.swift */,
				591D069A2537E3F00008098A /* DataCategory.swift */,
				591D069D2538059E0008098A /* ModelWasteAdded.swift */,
			);
			path = Model;
			sourceTree = "<group>";
		};
		591D06A425382D390008098A /* Presenter */ = {
			isa = PBXGroup;
			children = (
				591D06A125382CF80008098A /* AddNewWastePresenter.swift */,
				59D2EFF02547CA9600EE1B8B /* CurrentWastePresenter.swift */,
				59D2EFF32547D81500EE1B8B /* SetTargetPresenter.swift */,
			);
			path = Presenter;
			sourceTree = "<group>";
		};
		591D06A625382D590008098A /* Cell */ = {
			isa = PBXGroup;
			children = (
				591D06D1253839880008098A /* HorizontalModalCurrentWaste.swift */,
				591D06D2253839880008098A /* HorizontalModalCurrentWaste.xib */,
				595F90EF2536A50A004D40CE /* HorizontalModalListView.swift */,
				595F90F02536A50A004D40CE /* HorizontalModalListView.xib */,
				595F90F42536A521004D40CE /* WasteViewCell.swift */,
				595F90F52536A521004D40CE /* WasteViewCell.xib */,
				591D06DD253B02390008098A /* CurrentViewCell.swift */,
				591D06DE253B02390008098A /* CurrentViewCell.xib */,
			);
			path = Cell;
			sourceTree = "<group>";
		};
		591D06AB253835660008098A /* Recovered References */ = {
			isa = PBXGroup;
			children = (
				9FD7230225382BFF00E761AB /* HorizontalModalCurrentWaste.swift */,
				9FD722FF25382AA800E761AB /* HorizontalModalCurrentWaste.xib */,
			);
			name = "Recovered References";
			sourceTree = "<group>";
		};
		591D077D253DF1860008098A /* View */ = {
			isa = PBXGroup;
			children = (
				591D077E253DF1990008098A /* Cell */,
				5934E3392531FC480082D01D /* Base.storyboard */,
				5934E3372531FC480082D01D /* TabMyWasteVC.swift */,
				9F1A43DA253E89F800870DE8 /* AchievementVC.swift */,
				59AA9DE92544413B0074644A /* HistoryVC.swift */,
			);
			path = View;
			sourceTree = "<group>";
		};
		591D077E253DF1990008098A /* Cell */ = {
			isa = PBXGroup;
			children = (
				591D077F253DF1BB0008098A /* CardCategoryCell.swift */,
				591D0780253DF1BB0008098A /* CardCategoryCell.xib */,
			);
			path = Cell;
			sourceTree = "<group>";
		};
		5934E3272531FC480082D01D = {
			isa = PBXGroup;
			children = (
				5934E3322531FC480082D01D /* iwaste-ios */,
				5934E3312531FC480082D01D /* Products */,
				21EA55DF880B70054A067BDB /* Pods */,
				492F8A159DA1CD4762AD9655 /* Frameworks */,
				591D06AB253835660008098A /* Recovered References */,
			);
			sourceTree = "<group>";
		};
		5934E3312531FC480082D01D /* Products */ = {
			isa = PBXGroup;
			children = (
				5934E3302531FC480082D01D /* iwaste-ios.app */,
			);
			name = Products;
			sourceTree = "<group>";
		};
		5934E3322531FC480082D01D /* iwaste-ios */ = {
			isa = PBXGroup;
			children = (
				59FBF2A925362A1D00F940D5 /* Service */,
				59FBF2A5253629FE00F940D5 /* Base */,
				59FBF2A625362A0900F940D5 /* Main */,
				9F1E14E725412DF900946F71 /* Achievement */,
				59AA9DE52543EB590074644A /* History */,
				5934E3332531FC480082D01D /* AppDelegate.swift */,
				5934E3352531FC480082D01D /* SceneDelegate.swift */,
				5934E33F2531FC4A0082D01D /* Assets.xcassets */,
				5934E3412531FC4A0082D01D /* LaunchScreen.storyboard */,
				5934E3442531FC4A0082D01D /* Info.plist */,
				50587E342560DEAC00C2CA73 /* Localizable.strings */,
			);
			path = "iwaste-ios";
			sourceTree = "<group>";
		};
		59450D3A254F1496000357C2 /* Presenter */ = {
			isa = PBXGroup;
			children = (
				59450D43254F8280000357C2 /* DetailChallengePresenter.swift */,
				598A76842552B21300154BC1 /* BadgeService.swift */,
			);
			path = Presenter;
			sourceTree = "<group>";
		};
		595F90EE2536A4C2004D40CE /* View */ = {
			isa = PBXGroup;
			children = (
				591D06A625382D590008098A /* Cell */,
				595F90F92536A55D004D40CE /* AddNewWasteVC.swift */,
				9FC20D722536BA30007A828E /* CurrentWasteVC.swift */,
				9F38E9AF253C203B00B13E7A /* SetTargetVC.swift */,
			);
			path = View;
			sourceTree = "<group>";
		};
		59AA9DE52543EB590074644A /* History */ = {
			isa = PBXGroup;
			children = (
				A8AF7E162558CC8700BF5FD1 /* Model */,
				59AA9DE62543EB7E0074644A /* View */,
				59AA9DE72543EB850074644A /* Presenter */,
			);
			path = History;
			sourceTree = "<group>";
		};
		59AA9DE62543EB7E0074644A /* View */ = {
			isa = PBXGroup;
			children = (
				59AA9DF825448BAA0074644A /* Cell */,
				50587E242560403C00C2CA73 /* History.storyboard */,
				59AA9E0325448D6B0074644A /* DetailHistoryVC.swift */,
			);
			path = View;
			sourceTree = "<group>";
		};
		59AA9DE72543EB850074644A /* Presenter */ = {
			isa = PBXGroup;
			children = (
				A824EBA4254E13D10096975E /* DetailHistoryPresenter.swift */,
			);
			path = Presenter;
			sourceTree = "<group>";
		};
		59AA9DF825448BAA0074644A /* Cell */ = {
			isa = PBXGroup;
			children = (
				59AA9DFE25448BE20074644A /* DetailHistoryCell.swift */,
				59AA9DFF25448BE20074644A /* DetailHistoryCell.xib */,
			);
			path = Cell;
			sourceTree = "<group>";
		};
		59B2F62E25471A9C0010DCA4 /* TabBar */ = {
			isa = PBXGroup;
			children = (
				A860DC412552BE2E0094A4C6 /* Modal */,
				591D077D253DF1860008098A /* View */,
				59B2F62F25471AB00010DCA4 /* Presenter */,
			);
			path = TabBar;
			sourceTree = "<group>";
		};
		59B2F62F25471AB00010DCA4 /* Presenter */ = {
			isa = PBXGroup;
			children = (
				59B2F63025471AE80010DCA4 /* MyWastePresenter.swift */,
				A824EBA1254DDF9D0096975E /* HistoryPresenter.swift */,
				59450D3C254F14E0000357C2 /* AchievementPresenter.swift */,
			);
			path = Presenter;
			sourceTree = "<group>";
		};
		59D26EE5255065CA00E46F4E /* CustomAlert */ = {
			isa = PBXGroup;
			children = (
				590A321B256197B000AE0266 /* Alert.storyboard */,
				5928C90F25506BAA003489C5 /* AlertDoneChallengeVC.swift */,
				5928C91225506BB7003489C5 /* AlertUtil.swift */,
				5928C915255074BA003489C5 /* AlertLevelUpVC.swift */,
			);
			path = CustomAlert;
			sourceTree = "<group>";
		};
		59FBF2A5253629FE00F940D5 /* Base */ = {
			isa = PBXGroup;
			children = (
				9F42AA2E253A600600EB8056 /* Welcome */,
				59B2F62E25471A9C0010DCA4 /* TabBar */,
			);
			path = Base;
			sourceTree = "<group>";
		};
		59FBF2A625362A0900F940D5 /* Main */ = {
			isa = PBXGroup;
			children = (
				591D06962537E3680008098A /* Model */,
				595F90EE2536A4C2004D40CE /* View */,
				591D06A425382D390008098A /* Presenter */,
				50587E0E255F977000C2CA73 /* Main.storyboard */,
			);
			path = Main;
			sourceTree = "<group>";
		};
		59FBF2A925362A1D00F940D5 /* Service */ = {
			isa = PBXGroup;
			children = (
				A87451FB253FACF200F03F79 /* CoreData */,
				591D06A825382FA00008098A /* Constans.swift */,
				591D077A253D4B0C0008098A /* UserDefaultService.swift */,
				59AA9DF2254473060074644A /* ChartService.swift */,
				598A76872552B73300154BC1 /* Date.swift */,
				598A768A2552FC5C00154BC1 /* NotificationService.swift */,
			);
			path = Service;
			sourceTree = "<group>";
		};
		9F1E14E725412DF900946F71 /* Achievement */ = {
			isa = PBXGroup;
			children = (
				9F1E14E825412E2F00946F71 /* Model */,
				9F1E14E925412E4500946F71 /* View */,
				59450D3A254F1496000357C2 /* Presenter */,
				50587E15256033D800C2CA73 /* Achievement.storyboard */,
			);
			path = Achievement;
			sourceTree = "<group>";
		};
		9F1E14E825412E2F00946F71 /* Model */ = {
			isa = PBXGroup;
			children = (
				9F1A43E7253E8FDA00870DE8 /* Challenge.swift */,
				59450D37254F0D46000357C2 /* ModelLevel.swift */,
				59C8D2DA2550E08800E55CF2 /* Badges.swift */,
				590A32042561640400AE0266 /* DataBadge.swift */,
			);
			path = Model;
			sourceTree = "<group>";
		};
		9F1E14E925412E4500946F71 /* View */ = {
			isa = PBXGroup;
			children = (
				59D26EE5255065CA00E46F4E /* CustomAlert */,
				9F1E14EA25412E6F00946F71 /* Cell */,
				9F1A43DD253E8BCA00870DE8 /* ActivityVC.swift */,
				9FB8274F254073670042E4C8 /* DetailChallengeVC.swift */,
				9F1A43E0253E8C2200870DE8 /* BadgesVC.swift */,
				9F4143962540234500B738A0 /* DetailBadgesVC.swift */,
			);
			path = View;
			sourceTree = "<group>";
		};
		9F1E14EA25412E6F00946F71 /* Cell */ = {
			isa = PBXGroup;
			children = (
				9F1A43E3253E8F3C00870DE8 /* TableCell.swift */,
				59C8D2D52550DD9F00E55CF2 /* BadgeViewCell.swift */,
				59C8D2D62550DD9F00E55CF2 /* BadgeViewCell.xib */,
			);
			path = Cell;
			sourceTree = "<group>";
		};
		9F42AA2E253A600600EB8056 /* Welcome */ = {
			isa = PBXGroup;
			children = (
				9F42AA36253A621E00EB8056 /* Slide.xib */,
				9F42AA32253A60DF00EB8056 /* SlideView.swift */,
				9F42AA38253A632F00EB8056 /* WelcomeVC.swift */,
			);
			path = Welcome;
			sourceTree = "<group>";
		};
		A860DC412552BE2E0094A4C6 /* Modal */ = {
			isa = PBXGroup;
			children = (
				A860DC422552BE3D0094A4C6 /* ModalSummary.swift */,
			);
			path = Modal;
			sourceTree = "<group>";
		};
		A87451FB253FACF200F03F79 /* CoreData */ = {
			isa = PBXGroup;
			children = (
				A824EB93254DDDAF0096975E /* CategoryCD+CoreDataClass.swift */,
				A824EB94254DDDAF0096975E /* CategoryCD+CoreDataProperties.swift */,
				A824EB95254DDDAF0096975E /* TrashCD+CoreDataClass.swift */,
				A824EB96254DDDAF0096975E /* TrashCD+CoreDataProperties.swift */,
				5934E33C2531FC480082D01D /* iwaste_ios.xcdatamodeld */,
				590A32072561646800AE0266 /* BadgeDataFunction.swift */,
			);
			path = CoreData;
			sourceTree = "<group>";
		};
		A8AF7E162558CC8700BF5FD1 /* Model */ = {
			isa = PBXGroup;
			children = (
				A8AF7E182558CE2D00BF5FD1 /* ModelWasteHistory.swift */,
			);
			path = Model;
			sourceTree = "<group>";
		};
/* End PBXGroup section */

/* Begin PBXNativeTarget section */
		5934E32F2531FC480082D01D /* iwaste-ios */ = {
			isa = PBXNativeTarget;
			buildConfigurationList = 5934E3472531FC4A0082D01D /* Build configuration list for PBXNativeTarget "iwaste-ios" */;
			buildPhases = (
				8294CB87EF2BA22702EFC743 /* [CP] Check Pods Manifest.lock */,
				5934E32C2531FC480082D01D /* Sources */,
				5934E32E2531FC480082D01D /* Resources */,
				5934E32D2531FC480082D01D /* Frameworks */,
				858C2A05DCC5667CC5F388D6 /* [CP] Embed Pods Frameworks */,
			);
			buildRules = (
			);
			dependencies = (
			);
			name = "iwaste-ios";
			productName = "iwaste-ios";
			productReference = 5934E3302531FC480082D01D /* iwaste-ios.app */;
			productType = "com.apple.product-type.application";
		};
/* End PBXNativeTarget section */

/* Begin PBXProject section */
		5934E3282531FC480082D01D /* Project object */ = {
			isa = PBXProject;
			attributes = {
				LastSwiftUpdateCheck = 1200;
				LastUpgradeCheck = 1200;
				TargetAttributes = {
					5934E32F2531FC480082D01D = {
						CreatedOnToolsVersion = 12.0.1;
					};
				};
			};
			buildConfigurationList = 5934E32B2531FC480082D01D /* Build configuration list for PBXProject "iwaste-ios" */;
			compatibilityVersion = "Xcode 9.3";
			developmentRegion = en;
			hasScannedForEncodings = 0;
			knownRegions = (
				en,
				Base,
				id,
			);
			mainGroup = 5934E3272531FC480082D01D;
			productRefGroup = 5934E3312531FC480082D01D /* Products */;
			projectDirPath = "";
			projectRoot = "";
			targets = (
				5934E32F2531FC480082D01D /* iwaste-ios */,
			);
		};
/* End PBXProject section */

/* Begin PBXResourcesBuildPhase section */
		5934E32E2531FC480082D01D /* Resources */ = {
			isa = PBXResourcesBuildPhase;
			buildActionMask = 2147483647;
			files = (
				9F42AA3C253A68A800EB8056 /* Slide.xib in Resources */,
				5934E3432531FC4A0082D01D /* LaunchScreen.storyboard in Resources */,
				5934E33B2531FC480082D01D /* Base.storyboard in Resources */,
				595F90F72536A521004D40CE /* WasteViewCell.xib in Resources */,
				591D06D4253839880008098A /* HorizontalModalCurrentWaste.xib in Resources */,
				59C8D2D82550DD9F00E55CF2 /* BadgeViewCell.xib in Resources */,
				50587E322560DEAC00C2CA73 /* Localizable.strings in Resources */,
				50587E13256033D800C2CA73 /* Achievement.storyboard in Resources */,
				59450D4E25506328000357C2 /* Assets.xcassets in Resources */,
				591D06E0253B02390008098A /* CurrentViewCell.xib in Resources */,
				50587E0C255F977000C2CA73 /* Main.storyboard in Resources */,
				595F90F22536A50A004D40CE /* HorizontalModalListView.xib in Resources */,
				59AA9E0125448BE20074644A /* DetailHistoryCell.xib in Resources */,
				591D0782253DF1BB0008098A /* CardCategoryCell.xib in Resources */,
				50587E222560403C00C2CA73 /* History.storyboard in Resources */,
				590A3219256197B000AE0266 /* Alert.storyboard in Resources */,
			);
			runOnlyForDeploymentPostprocessing = 0;
		};
/* End PBXResourcesBuildPhase section */

/* Begin PBXShellScriptBuildPhase section */
		8294CB87EF2BA22702EFC743 /* [CP] Check Pods Manifest.lock */ = {
			isa = PBXShellScriptBuildPhase;
			buildActionMask = 2147483647;
			files = (
			);
			inputFileListPaths = (
			);
			inputPaths = (
				"${PODS_PODFILE_DIR_PATH}/Podfile.lock",
				"${PODS_ROOT}/Manifest.lock",
			);
			name = "[CP] Check Pods Manifest.lock";
			outputFileListPaths = (
			);
			outputPaths = (
				"$(DERIVED_FILE_DIR)/Pods-iwaste-ios-checkManifestLockResult.txt",
			);
			runOnlyForDeploymentPostprocessing = 0;
			shellPath = /bin/sh;
			shellScript = "diff \"${PODS_PODFILE_DIR_PATH}/Podfile.lock\" \"${PODS_ROOT}/Manifest.lock\" > /dev/null\nif [ $? != 0 ] ; then\n    # print error to STDERR\n    echo \"error: The sandbox is not in sync with the Podfile.lock. Run 'pod install' or update your CocoaPods installation.\" >&2\n    exit 1\nfi\n# This output is used by Xcode 'outputs' to avoid re-running this script phase.\necho \"SUCCESS\" > \"${SCRIPT_OUTPUT_FILE_0}\"\n";
			showEnvVarsInLog = 0;
		};
		858C2A05DCC5667CC5F388D6 /* [CP] Embed Pods Frameworks */ = {
			isa = PBXShellScriptBuildPhase;
			buildActionMask = 2147483647;
			files = (
			);
			inputFileListPaths = (
				"${PODS_ROOT}/Target Support Files/Pods-iwaste-ios/Pods-iwaste-ios-frameworks-${CONFIGURATION}-input-files.xcfilelist",
			);
			name = "[CP] Embed Pods Frameworks";
			outputFileListPaths = (
				"${PODS_ROOT}/Target Support Files/Pods-iwaste-ios/Pods-iwaste-ios-frameworks-${CONFIGURATION}-output-files.xcfilelist",
			);
			runOnlyForDeploymentPostprocessing = 0;
			shellPath = /bin/sh;
			shellScript = "\"${PODS_ROOT}/Target Support Files/Pods-iwaste-ios/Pods-iwaste-ios-frameworks.sh\"\n";
			showEnvVarsInLog = 0;
		};
/* End PBXShellScriptBuildPhase section */

/* Begin PBXSourcesBuildPhase section */
		5934E32C2531FC480082D01D /* Sources */ = {
			isa = PBXSourcesBuildPhase;
			buildActionMask = 2147483647;
			files = (
				591D06A225382CF80008098A /* AddNewWastePresenter.swift in Sources */,
				A824EB99254DDDAF0096975E /* TrashCD+CoreDataClass.swift in Sources */,
				595F90FA2536A55D004D40CE /* AddNewWasteVC.swift in Sources */,
				591D06DF253B02390008098A /* CurrentViewCell.swift in Sources */,
				59450D3D254F14E0000357C2 /* AchievementPresenter.swift in Sources */,
				59AA9E0425448D6B0074644A /* DetailHistoryVC.swift in Sources */,
				9FB82750254073670042E4C8 /* DetailChallengeVC.swift in Sources */,
				595F90F12536A50A004D40CE /* HorizontalModalListView.swift in Sources */,
				595F90F62536A521004D40CE /* WasteViewCell.swift in Sources */,
				59B2F63125471AE80010DCA4 /* MyWastePresenter.swift in Sources */,
				591D06982537E37A0008098A /* ModelWaste.swift in Sources */,
				59450D38254F0D46000357C2 /* ModelLevel.swift in Sources */,
				5934E3382531FC480082D01D /* TabMyWasteVC.swift in Sources */,
				5928C91325506BB7003489C5 /* AlertUtil.swift in Sources */,
				A860DC432552BE3D0094A4C6 /* ModalSummary.swift in Sources */,
				59C8D2D72550DD9F00E55CF2 /* BadgeViewCell.swift in Sources */,
				591D06A925382FA00008098A /* Constans.swift in Sources */,
				5934E3342531FC480082D01D /* AppDelegate.swift in Sources */,
				59D2EFF42547D81500EE1B8B /* SetTargetPresenter.swift in Sources */,
				9F1A43E8253E8FDA00870DE8 /* Challenge.swift in Sources */,
				9F1A43E4253E8F3D00870DE8 /* TableCell.swift in Sources */,
				5928C91025506BAA003489C5 /* AlertDoneChallengeVC.swift in Sources */,
				A824EBA2254DDF9D0096975E /* HistoryPresenter.swift in Sources */,
				A824EB9A254DDDAF0096975E /* TrashCD+CoreDataProperties.swift in Sources */,
				591D077B253D4B0D0008098A /* UserDefaultService.swift in Sources */,
				A824EB97254DDDAF0096975E /* CategoryCD+CoreDataClass.swift in Sources */,
				A8AF7E192558CE2D00BF5FD1 /* ModelWasteHistory.swift in Sources */,
				591D06D3253839880008098A /* HorizontalModalCurrentWaste.swift in Sources */,
				9F42AA33253A60DF00EB8056 /* SlideView.swift in Sources */,
				598A768B2552FC5C00154BC1 /* NotificationService.swift in Sources */,
				590A32082561646800AE0266 /* BadgeDataFunction.swift in Sources */,
				9F1A43E1253E8C2200870DE8 /* BadgesVC.swift in Sources */,
				59D2EFF12547CA9600EE1B8B /* CurrentWastePresenter.swift in Sources */,
				5934E33E2531FC480082D01D /* iwaste_ios.xcdatamodeld in Sources */,
				5928C916255074BA003489C5 /* AlertLevelUpVC.swift in Sources */,
				591D069E2538059E0008098A /* ModelWasteAdded.swift in Sources */,
				59AA9DEA2544413B0074644A /* HistoryVC.swift in Sources */,
				9F1A43DB253E89F800870DE8 /* AchievementVC.swift in Sources */,
				A824EBA5254E13D10096975E /* DetailHistoryPresenter.swift in Sources */,
				591D069B2537E3F00008098A /* DataCategory.swift in Sources */,
				9F38E9B0253C203B00B13E7A /* SetTargetVC.swift in Sources */,
				5934E3362531FC480082D01D /* SceneDelegate.swift in Sources */,
				59AA9E0025448BE20074644A /* DetailHistoryCell.swift in Sources */,
				598A76882552B73300154BC1 /* Date.swift in Sources */,
				590A32052561640400AE0266 /* DataBadge.swift in Sources */,
				591D0781253DF1BB0008098A /* CardCategoryCell.swift in Sources */,
				9F4143972540234500B738A0 /* DetailBadgesVC.swift in Sources */,
				59AA9DF3254473060074644A /* ChartService.swift in Sources */,
				9FC20D732536BA30007A828E /* CurrentWasteVC.swift in Sources */,
				9F1A43DE253E8BCA00870DE8 /* ActivityVC.swift in Sources */,
				59450D44254F8280000357C2 /* DetailChallengePresenter.swift in Sources */,
				59C8D2DB2550E08800E55CF2 /* Badges.swift in Sources */,
				A824EB98254DDDAF0096975E /* CategoryCD+CoreDataProperties.swift in Sources */,
				9F42AA39253A632F00EB8056 /* WelcomeVC.swift in Sources */,
				598A76852552B21300154BC1 /* BadgeService.swift in Sources */,
			);
			runOnlyForDeploymentPostprocessing = 0;
		};
/* End PBXSourcesBuildPhase section */

/* Begin PBXVariantGroup section */
		50587E0E255F977000C2CA73 /* Main.storyboard */ = {
			isa = PBXVariantGroup;
			children = (
				50587E0D255F977000C2CA73 /* Base */,
				50587E11255F97A300C2CA73 /* id */,
			);
			name = Main.storyboard;
			sourceTree = "<group>";
		};
		50587E15256033D800C2CA73 /* Achievement.storyboard */ = {
			isa = PBXVariantGroup;
			children = (
				50587E17256033E300C2CA73 /* Base */,
				50587E19256033F600C2CA73 /* en */,
				50587E1A256033FC00C2CA73 /* id */,
			);
			name = Achievement.storyboard;
			sourceTree = "<group>";
		};
		50587E242560403C00C2CA73 /* History.storyboard */ = {
			isa = PBXVariantGroup;
			children = (
				50587E232560403C00C2CA73 /* Base */,
				50587E272560404500C2CA73 /* en */,
				50587E292560407300C2CA73 /* id */,
			);
			name = History.storyboard;
			sourceTree = "<group>";
		};
		50587E342560DEAC00C2CA73 /* Localizable.strings */ = {
			isa = PBXVariantGroup;
			children = (
				50587E332560DEAC00C2CA73 /* en */,
				50587E422560DF8700C2CA73 /* id */,
			);
			name = Localizable.strings;
			sourceTree = "<group>";
		};
		590A321B256197B000AE0266 /* Alert.storyboard */ = {
			isa = PBXVariantGroup;
			children = (
				590A321A256197B000AE0266 /* Base */,
				590A321E256197B200AE0266 /* en */,
				590A3221256197B300AE0266 /* id */,
			);
			name = Alert.storyboard;
			sourceTree = "<group>";
		};
		5934E3392531FC480082D01D /* Base.storyboard */ = {
			isa = PBXVariantGroup;
			children = (
				5934E33A2531FC480082D01D /* Base */,
				50C3761A255EBABE0017D2A5 /* id */,
				50587E2C2560482A00C2CA73 /* en */,
			);
			name = Base.storyboard;
			sourceTree = "<group>";
		};
		5934E3412531FC4A0082D01D /* LaunchScreen.storyboard */ = {
			isa = PBXVariantGroup;
			children = (
				5934E3422531FC4A0082D01D /* Base */,
				50C3761B255EBABE0017D2A5 /* id */,
			);
			name = LaunchScreen.storyboard;
			sourceTree = "<group>";
		};
/* End PBXVariantGroup section */

/* Begin XCBuildConfiguration section */
		5934E3452531FC4A0082D01D /* Debug */ = {
			isa = XCBuildConfiguration;
			buildSettings = {
				ALWAYS_SEARCH_USER_PATHS = NO;
				CLANG_ANALYZER_LOCALIZABILITY_NONLOCALIZED = YES;
				CLANG_ANALYZER_NONNULL = YES;
				CLANG_ANALYZER_NUMBER_OBJECT_CONVERSION = YES_AGGRESSIVE;
				CLANG_CXX_LANGUAGE_STANDARD = "gnu++14";
				CLANG_CXX_LIBRARY = "libc++";
				CLANG_ENABLE_MODULES = YES;
				CLANG_ENABLE_OBJC_ARC = YES;
				CLANG_ENABLE_OBJC_WEAK = YES;
				CLANG_WARN_BLOCK_CAPTURE_AUTORELEASING = YES;
				CLANG_WARN_BOOL_CONVERSION = YES;
				CLANG_WARN_COMMA = YES;
				CLANG_WARN_CONSTANT_CONVERSION = YES;
				CLANG_WARN_DEPRECATED_OBJC_IMPLEMENTATIONS = YES;
				CLANG_WARN_DIRECT_OBJC_ISA_USAGE = YES_ERROR;
				CLANG_WARN_DOCUMENTATION_COMMENTS = YES;
				CLANG_WARN_EMPTY_BODY = YES;
				CLANG_WARN_ENUM_CONVERSION = YES;
				CLANG_WARN_INFINITE_RECURSION = YES;
				CLANG_WARN_INT_CONVERSION = YES;
				CLANG_WARN_NON_LITERAL_NULL_CONVERSION = YES;
				CLANG_WARN_OBJC_IMPLICIT_RETAIN_SELF = YES;
				CLANG_WARN_OBJC_LITERAL_CONVERSION = YES;
				CLANG_WARN_OBJC_ROOT_CLASS = YES_ERROR;
				CLANG_WARN_QUOTED_INCLUDE_IN_FRAMEWORK_HEADER = YES;
				CLANG_WARN_RANGE_LOOP_ANALYSIS = YES;
				CLANG_WARN_STRICT_PROTOTYPES = YES;
				CLANG_WARN_SUSPICIOUS_MOVE = YES;
				CLANG_WARN_UNGUARDED_AVAILABILITY = YES_AGGRESSIVE;
				CLANG_WARN_UNREACHABLE_CODE = YES;
				CLANG_WARN__DUPLICATE_METHOD_MATCH = YES;
				COPY_PHASE_STRIP = NO;
				DEBUG_INFORMATION_FORMAT = dwarf;
				ENABLE_STRICT_OBJC_MSGSEND = YES;
				ENABLE_TESTABILITY = YES;
				GCC_C_LANGUAGE_STANDARD = gnu11;
				GCC_DYNAMIC_NO_PIC = NO;
				GCC_NO_COMMON_BLOCKS = YES;
				GCC_OPTIMIZATION_LEVEL = 0;
				GCC_PREPROCESSOR_DEFINITIONS = (
					"DEBUG=1",
					"$(inherited)",
				);
				GCC_WARN_64_TO_32_BIT_CONVERSION = YES;
				GCC_WARN_ABOUT_RETURN_TYPE = YES_ERROR;
				GCC_WARN_UNDECLARED_SELECTOR = YES;
				GCC_WARN_UNINITIALIZED_AUTOS = YES_AGGRESSIVE;
				GCC_WARN_UNUSED_FUNCTION = YES;
				GCC_WARN_UNUSED_VARIABLE = YES;
				IPHONEOS_DEPLOYMENT_TARGET = 13.0;
				MTL_ENABLE_DEBUG_INFO = INCLUDE_SOURCE;
				MTL_FAST_MATH = YES;
				ONLY_ACTIVE_ARCH = YES;
				SDKROOT = iphoneos;
				SWIFT_ACTIVE_COMPILATION_CONDITIONS = DEBUG;
				SWIFT_OPTIMIZATION_LEVEL = "-Onone";
			};
			name = Debug;
		};
		5934E3462531FC4A0082D01D /* Release */ = {
			isa = XCBuildConfiguration;
			buildSettings = {
				ALWAYS_SEARCH_USER_PATHS = NO;
				CLANG_ANALYZER_LOCALIZABILITY_NONLOCALIZED = YES;
				CLANG_ANALYZER_NONNULL = YES;
				CLANG_ANALYZER_NUMBER_OBJECT_CONVERSION = YES_AGGRESSIVE;
				CLANG_CXX_LANGUAGE_STANDARD = "gnu++14";
				CLANG_CXX_LIBRARY = "libc++";
				CLANG_ENABLE_MODULES = YES;
				CLANG_ENABLE_OBJC_ARC = YES;
				CLANG_ENABLE_OBJC_WEAK = YES;
				CLANG_WARN_BLOCK_CAPTURE_AUTORELEASING = YES;
				CLANG_WARN_BOOL_CONVERSION = YES;
				CLANG_WARN_COMMA = YES;
				CLANG_WARN_CONSTANT_CONVERSION = YES;
				CLANG_WARN_DEPRECATED_OBJC_IMPLEMENTATIONS = YES;
				CLANG_WARN_DIRECT_OBJC_ISA_USAGE = YES_ERROR;
				CLANG_WARN_DOCUMENTATION_COMMENTS = YES;
				CLANG_WARN_EMPTY_BODY = YES;
				CLANG_WARN_ENUM_CONVERSION = YES;
				CLANG_WARN_INFINITE_RECURSION = YES;
				CLANG_WARN_INT_CONVERSION = YES;
				CLANG_WARN_NON_LITERAL_NULL_CONVERSION = YES;
				CLANG_WARN_OBJC_IMPLICIT_RETAIN_SELF = YES;
				CLANG_WARN_OBJC_LITERAL_CONVERSION = YES;
				CLANG_WARN_OBJC_ROOT_CLASS = YES_ERROR;
				CLANG_WARN_QUOTED_INCLUDE_IN_FRAMEWORK_HEADER = YES;
				CLANG_WARN_RANGE_LOOP_ANALYSIS = YES;
				CLANG_WARN_STRICT_PROTOTYPES = YES;
				CLANG_WARN_SUSPICIOUS_MOVE = YES;
				CLANG_WARN_UNGUARDED_AVAILABILITY = YES_AGGRESSIVE;
				CLANG_WARN_UNREACHABLE_CODE = YES;
				CLANG_WARN__DUPLICATE_METHOD_MATCH = YES;
				COPY_PHASE_STRIP = NO;
				DEBUG_INFORMATION_FORMAT = "dwarf-with-dsym";
				ENABLE_NS_ASSERTIONS = NO;
				ENABLE_STRICT_OBJC_MSGSEND = YES;
				GCC_C_LANGUAGE_STANDARD = gnu11;
				GCC_NO_COMMON_BLOCKS = YES;
				GCC_WARN_64_TO_32_BIT_CONVERSION = YES;
				GCC_WARN_ABOUT_RETURN_TYPE = YES_ERROR;
				GCC_WARN_UNDECLARED_SELECTOR = YES;
				GCC_WARN_UNINITIALIZED_AUTOS = YES_AGGRESSIVE;
				GCC_WARN_UNUSED_FUNCTION = YES;
				GCC_WARN_UNUSED_VARIABLE = YES;
				IPHONEOS_DEPLOYMENT_TARGET = 13.0;
				MTL_ENABLE_DEBUG_INFO = NO;
				MTL_FAST_MATH = YES;
				SDKROOT = iphoneos;
				SWIFT_COMPILATION_MODE = wholemodule;
				SWIFT_OPTIMIZATION_LEVEL = "-O";
				VALIDATE_PRODUCT = YES;
			};
			name = Release;
		};
		5934E3482531FC4A0082D01D /* Debug */ = {
			isa = XCBuildConfiguration;
			baseConfigurationReference = 8795EA6333CC938D26AC02F2 /* Pods-iwaste-ios.debug.xcconfig */;
			buildSettings = {
				ASSETCATALOG_COMPILER_APPICON_NAME = AppIcon;
				ASSETCATALOG_COMPILER_GLOBAL_ACCENT_COLOR_NAME = AccentColor;
				CODE_SIGN_STYLE = Automatic;
				CURRENT_PROJECT_VERSION = 7;
				DEVELOPMENT_TEAM = PRNFYV2V9S;
				INFOPLIST_FILE = "iwaste-ios/Info.plist";
				LD_RUNPATH_SEARCH_PATHS = (
					"$(inherited)",
					"@executable_path/Frameworks",
				);
				MARKETING_VERSION = 1.2;
				PRODUCT_BUNDLE_IDENTIFIER = "com.infiniteloop.iwaste-ios";
				PRODUCT_NAME = "$(TARGET_NAME)";
				SWIFT_VERSION = 5.0;
				TARGETED_DEVICE_FAMILY = 1;
			};
			name = Debug;
		};
		5934E3492531FC4A0082D01D /* Release */ = {
			isa = XCBuildConfiguration;
			baseConfigurationReference = 4CEA1D4D910B6032F99D3B7F /* Pods-iwaste-ios.release.xcconfig */;
			buildSettings = {
				ASSETCATALOG_COMPILER_APPICON_NAME = AppIcon;
				ASSETCATALOG_COMPILER_GLOBAL_ACCENT_COLOR_NAME = AccentColor;
				CODE_SIGN_STYLE = Automatic;
				CURRENT_PROJECT_VERSION = 7;
				DEVELOPMENT_TEAM = PRNFYV2V9S;
				INFOPLIST_FILE = "iwaste-ios/Info.plist";
				LD_RUNPATH_SEARCH_PATHS = (
					"$(inherited)",
					"@executable_path/Frameworks",
				);
				MARKETING_VERSION = 1.2;
				PRODUCT_BUNDLE_IDENTIFIER = "com.infiniteloop.iwaste-ios";
				PRODUCT_NAME = "$(TARGET_NAME)";
				SWIFT_VERSION = 5.0;
				TARGETED_DEVICE_FAMILY = 1;
			};
			name = Release;
		};
/* End XCBuildConfiguration section */

/* Begin XCConfigurationList section */
		5934E32B2531FC480082D01D /* Build configuration list for PBXProject "iwaste-ios" */ = {
			isa = XCConfigurationList;
			buildConfigurations = (
				5934E3452531FC4A0082D01D /* Debug */,
				5934E3462531FC4A0082D01D /* Release */,
			);
			defaultConfigurationIsVisible = 0;
			defaultConfigurationName = Release;
		};
		5934E3472531FC4A0082D01D /* Build configuration list for PBXNativeTarget "iwaste-ios" */ = {
			isa = XCConfigurationList;
			buildConfigurations = (
				5934E3482531FC4A0082D01D /* Debug */,
				5934E3492531FC4A0082D01D /* Release */,
			);
			defaultConfigurationIsVisible = 0;
			defaultConfigurationName = Release;
		};
/* End XCConfigurationList section */

/* Begin XCVersionGroup section */
		5934E33C2531FC480082D01D /* iwaste_ios.xcdatamodeld */ = {
			isa = XCVersionGroup;
			children = (
				5934E33D2531FC480082D01D /* iwaste_ios.xcdatamodel */,
			);
			currentVersion = 5934E33D2531FC480082D01D /* iwaste_ios.xcdatamodel */;
			path = iwaste_ios.xcdatamodeld;
			sourceTree = "<group>";
			versionGroupType = wrapper.xcdatamodel;
		};
/* End XCVersionGroup section */
	};
	rootObject = 5934E3282531FC480082D01D /* Project object */;
}
