// !$*UTF8*$!
{
	archiveVersion = 1;
	classes = {
	};
	objectVersion = 50;
	objects = {

/* Begin PBXBuildFile section */
		5934E3342531FC480082D01D /* AppDelegate.swift in Sources */ = {isa = PBXBuildFile; fileRef = 5934E3332531FC480082D01D /* AppDelegate.swift */; };
		5934E3362531FC480082D01D /* SceneDelegate.swift in Sources */ = {isa = PBXBuildFile; fileRef = 5934E3352531FC480082D01D /* SceneDelegate.swift */; };
		5934E3382531FC480082D01D /* ViewController.swift in Sources */ = {isa = PBXBuildFile; fileRef = 5934E3372531FC480082D01D /* ViewController.swift */; };
		5934E33B2531FC480082D01D /* Main.storyboard in Resources */ = {isa = PBXBuildFile; fileRef = 5934E3392531FC480082D01D /* Main.storyboard */; };
		5934E33E2531FC480082D01D /* iwaste_ios.xcdatamodeld in Sources */ = {isa = PBXBuildFile; fileRef = 5934E33C2531FC480082D01D /* iwaste_ios.xcdatamodeld */; };
		5934E3402531FC4A0082D01D /* Assets.xcassets in Resources */ = {isa = PBXBuildFile; fileRef = 5934E33F2531FC4A0082D01D /* Assets.xcassets */; };
		5934E3432531FC4A0082D01D /* LaunchScreen.storyboard in Resources */ = {isa = PBXBuildFile; fileRef = 5934E3412531FC4A0082D01D /* LaunchScreen.storyboard */; };
/* End PBXBuildFile section */

/* Begin PBXFileReference section */
		5934E3302531FC480082D01D /* iwaste-ios.app */ = {isa = PBXFileReference; explicitFileType = wrapper.application; includeInIndex = 0; path = "iwaste-ios.app"; sourceTree = BUILT_PRODUCTS_DIR; };
		5934E3332531FC480082D01D /* AppDelegate.swift */ = {isa = PBXFileReference; lastKnownFileType = sourcecode.swift; path = AppDelegate.swift; sourceTree = "<group>"; };
		5934E3352531FC480082D01D /* SceneDelegate.swift */ = {isa = PBXFileReference; lastKnownFileType = sourcecode.swift; path = SceneDelegate.swift; sourceTree = "<group>"; };
		5934E3372531FC480082D01D /* ViewController.swift */ = {isa = PBXFileReference; lastKnownFileType = sourcecode.swift; path = ViewController.swift; sourceTree = "<group>"; };
		5934E33A2531FC480082D01D /* Base */ = {isa = PBXFileReference; lastKnownFileType = file.storyboard; name = Base; path = Base.lproj/Main.storyboard; sourceTree = "<group>"; };
		5934E33D2531FC480082D01D /* iwaste_ios.xcdatamodel */ = {isa = PBXFileReference; lastKnownFileType = wrapper.xcdatamodel; path = iwaste_ios.xcdatamodel; sourceTree = "<group>"; };
		5934E33F2531FC4A0082D01D /* Assets.xcassets */ = {isa = PBXFileReference; lastKnownFileType = folder.assetcatalog; path = Assets.xcassets; sourceTree = "<group>"; };
		5934E3422531FC4A0082D01D /* Base */ = {isa = PBXFileReference; lastKnownFileType = file.storyboard; name = Base; path = Base.lproj/LaunchScreen.storyboard; sourceTree = "<group>"; };
		5934E3442531FC4A0082D01D /* Info.plist */ = {isa = PBXFileReference; lastKnownFileType = text.plist.xml; path = Info.plist; sourceTree = "<group>"; };
/* End PBXFileReference section */

/* Begin PBXFrameworksBuildPhase section */
		5934E32D2531FC480082D01D /* Frameworks */ = {
			isa = PBXFrameworksBuildPhase;
			buildActionMask = 2147483647;
			files = (
			);
			runOnlyForDeploymentPostprocessing = 0;
		};
/* End PBXFrameworksBuildPhase section */

/* Begin PBXGroup section */
		5934E3272531FC480082D01D = {
			isa = PBXGroup;
			children = (
				5934E3322531FC480082D01D /* iwaste-ios */,
				5934E3312531FC480082D01D /* Products */,
			);
			sourceTree = "<group>";
		};
		5934E3312531FC480082D01D /* Products */ = {
			isa = PBXGroup;
			children = (
				5934E3302531FC480082D01D /* iwaste-ios.app */,
			);
			name = Products;
			sourceTree = "<group>";
		};
		5934E3322531FC480082D01D /* iwaste-ios */ = {
			isa = PBXGroup;
			children = (
				5934E3332531FC480082D01D /* AppDelegate.swift */,
				5934E3352531FC480082D01D /* SceneDelegate.swift */,
				5934E3372531FC480082D01D /* ViewController.swift */,
				5934E3392531FC480082D01D /* Main.storyboard */,
				5934E33F2531FC4A0082D01D /* Assets.xcassets */,
				5934E3412531FC4A0082D01D /* LaunchScreen.storyboard */,
				5934E3442531FC4A0082D01D /* Info.plist */,
				5934E33C2531FC480082D01D /* iwaste_ios.xcdatamodeld */,
			);
			path = "iwaste-ios";
			sourceTree = "<group>";
		};
/* End PBXGroup section */

/* Begin PBXNativeTarget section */
		5934E32F2531FC480082D01D /* iwaste-ios */ = {
			isa = PBXNativeTarget;
			buildConfigurationList = 5934E3472531FC4A0082D01D /* Build configuration list for PBXNativeTarget "iwaste-ios" */;
			buildPhases = (
				5934E32C2531FC480082D01D /* Sources */,
				5934E32D2531FC480082D01D /* Frameworks */,
				5934E32E2531FC480082D01D /* Resources */,
			);
			buildRules = (
			);
			dependencies = (
			);
			name = "iwaste-ios";
			productName = "iwaste-ios";
			productReference = 5934E3302531FC480082D01D /* iwaste-ios.app */;
			productType = "com.apple.product-type.application";
		};
/* End PBXNativeTarget section */

/* Begin PBXProject section */
		5934E3282531FC480082D01D /* Project object */ = {
			isa = PBXProject;
			attributes = {
				LastSwiftUpdateCheck = 1200;
				LastUpgradeCheck = 1200;
				TargetAttributes = {
					5934E32F2531FC480082D01D = {
						CreatedOnToolsVersion = 12.0.1;
					};
				};
			};
			buildConfigurationList = 5934E32B2531FC480082D01D /* Build configuration list for PBXProject "iwaste-ios" */;
			compatibilityVersion = "Xcode 9.3";
			developmentRegion = en;
			hasScannedForEncodings = 0;
			knownRegions = (
				en,
				Base,
			);
			mainGroup = 5934E3272531FC480082D01D;
			productRefGroup = 5934E3312531FC480082D01D /* Products */;
			projectDirPath = "";
			projectRoot = "";
			targets = (
				5934E32F2531FC480082D01D /* iwaste-ios */,
			);
		};
/* End PBXProject section */

/* Begin PBXResourcesBuildPhase section */
		5934E32E2531FC480082D01D /* Resources */ = {
			isa = PBXResourcesBuildPhase;
			buildActionMask = 2147483647;
			files = (
				5934E3432531FC4A0082D01D /* LaunchScreen.storyboard in Resources */,
				5934E3402531FC4A0082D01D /* Assets.xcassets in Resources */,
				5934E33B2531FC480082D01D /* Main.storyboard in Resources */,
			);
			runOnlyForDeploymentPostprocessing = 0;
		};
/* End PBXResourcesBuildPhase section */

/* Begin PBXSourcesBuildPhase section */
		5934E32C2531FC480082D01D /* Sources */ = {
			isa = PBXSourcesBuildPhase;
			buildActionMask = 2147483647;
			files = (
				5934E3382531FC480082D01D /* ViewController.swift in Sources */,
				5934E3342531FC480082D01D /* AppDelegate.swift in Sources */,
				5934E33E2531FC480082D01D /* iwaste_ios.xcdatamodeld in Sources */,
				5934E3362531FC480082D01D /* SceneDelegate.swift in Sources */,
			);
			runOnlyForDeploymentPostprocessing = 0;
		};
/* End PBXSourcesBuildPhase section */

/* Begin PBXVariantGroup section */
		5934E3392531FC480082D01D /* Main.storyboard */ = {
			isa = PBXVariantGroup;
			children = (
				5934E33A2531FC480082D01D /* Base */,
			);
			name = Main.storyboard;
			sourceTree = "<group>";
		};
		5934E3412531FC4A0082D01D /* LaunchScreen.storyboard */ = {
			isa = PBXVariantGroup;
			children = (
				5934E3422531FC4A0082D01D /* Base */,
			);
			name = LaunchScreen.storyboard;
			sourceTree = "<group>";
		};
/* End PBXVariantGroup section */

/* Begin XCBuildConfiguration section */
		5934E3452531FC4A0082D01D /* Debug */ = {
			isa = XCBuildConfiguration;
			buildSettings = {
				ALWAYS_SEARCH_USER_PATHS = NO;
				CLANG_ANALYZER_NONNULL = YES;
				CLANG_ANALYZER_NUMBER_OBJECT_CONVERSION = YES_AGGRESSIVE;
				CLANG_CXX_LANGUAGE_STANDARD = "gnu++14";
				CLANG_CXX_LIBRARY = "libc++";
				CLANG_ENABLE_MODULES = YES;
				CLANG_ENABLE_OBJC_ARC = YES;
				CLANG_ENABLE_OBJC_WEAK = YES;
				CLANG_WARN_BLOCK_CAPTURE_AUTORELEASING = YES;
				CLANG_WARN_BOOL_CONVERSION = YES;
				CLANG_WARN_COMMA = YES;
				CLANG_WARN_CONSTANT_CONVERSION = YES;
				CLANG_WARN_DEPRECATED_OBJC_IMPLEMENTATIONS = YES;
				CLANG_WARN_DIRECT_OBJC_ISA_USAGE = YES_ERROR;
				CLANG_WARN_DOCUMENTATION_COMMENTS = YES;
				CLANG_WARN_EMPTY_BODY = YES;
				CLANG_WARN_ENUM_CONVERSION = YES;
				CLANG_WARN_INFINITE_RECURSION = YES;
				CLANG_WARN_INT_CONVERSION = YES;
				CLANG_WARN_NON_LITERAL_NULL_CONVERSION = YES;
				CLANG_WARN_OBJC_IMPLICIT_RETAIN_SELF = YES;
				CLANG_WARN_OBJC_LITERAL_CONVERSION = YES;
				CLANG_WARN_OBJC_ROOT_CLASS = YES_ERROR;
				CLANG_WARN_QUOTED_INCLUDE_IN_FRAMEWORK_HEADER = YES;
				CLANG_WARN_RANGE_LOOP_ANALYSIS = YES;
				CLANG_WARN_STRICT_PROTOTYPES = YES;
				CLANG_WARN_SUSPICIOUS_MOVE = YES;
				CLANG_WARN_UNGUARDED_AVAILABILITY = YES_AGGRESSIVE;
				CLANG_WARN_UNREACHABLE_CODE = YES;
				CLANG_WARN__DUPLICATE_METHOD_MATCH = YES;
				COPY_PHASE_STRIP = NO;
				DEBUG_INFORMATION_FORMAT = dwarf;
				ENABLE_STRICT_OBJC_MSGSEND = YES;
				ENABLE_TESTABILITY = YES;
				GCC_C_LANGUAGE_STANDARD = gnu11;
				GCC_DYNAMIC_NO_PIC = NO;
				GCC_NO_COMMON_BLOCKS = YES;
				GCC_OPTIMIZATION_LEVEL = 0;
				GCC_PREPROCESSOR_DEFINITIONS = (
					"DEBUG=1",
					"$(inherited)",
				);
				GCC_WARN_64_TO_32_BIT_CONVERSION = YES;
				GCC_WARN_ABOUT_RETURN_TYPE = YES_ERROR;
				GCC_WARN_UNDECLARED_SELECTOR = YES;
				GCC_WARN_UNINITIALIZED_AUTOS = YES_AGGRESSIVE;
				GCC_WARN_UNUSED_FUNCTION = YES;
				GCC_WARN_UNUSED_VARIABLE = YES;
				IPHONEOS_DEPLOYMENT_TARGET = 12.0;
				MTL_ENABLE_DEBUG_INFO = INCLUDE_SOURCE;
				MTL_FAST_MATH = YES;
				ONLY_ACTIVE_ARCH = YES;
				SDKROOT = iphoneos;
				SWIFT_ACTIVE_COMPILATION_CONDITIONS = DEBUG;
				SWIFT_OPTIMIZATION_LEVEL = "-Onone";
			};
			name = Debug;
		};
		5934E3462531FC4A0082D01D /* Release */ = {
			isa = XCBuildConfiguration;
			buildSettings = {
				ALWAYS_SEARCH_USER_PATHS = NO;
				CLANG_ANALYZER_NONNULL = YES;
				CLANG_ANALYZER_NUMBER_OBJECT_CONVERSION = YES_AGGRESSIVE;
				CLANG_CXX_LANGUAGE_STANDARD = "gnu++14";
				CLANG_CXX_LIBRARY = "libc++";
				CLANG_ENABLE_MODULES = YES;
				CLANG_ENABLE_OBJC_ARC = YES;
				CLANG_ENABLE_OBJC_WEAK = YES;
				CLANG_WARN_BLOCK_CAPTURE_AUTORELEASING = YES;
				CLANG_WARN_BOOL_CONVERSION = YES;
				CLANG_WARN_COMMA = YES;
				CLANG_WARN_CONSTANT_CONVERSION = YES;
				CLANG_WARN_DEPRECATED_OBJC_IMPLEMENTATIONS = YES;
				CLANG_WARN_DIRECT_OBJC_ISA_USAGE = YES_ERROR;
				CLANG_WARN_DOCUMENTATION_COMMENTS = YES;
				CLANG_WARN_EMPTY_BODY = YES;
				CLANG_WARN_ENUM_CONVERSION = YES;
				CLANG_WARN_INFINITE_RECURSION = YES;
				CLANG_WARN_INT_CONVERSION = YES;
				CLANG_WARN_NON_LITERAL_NULL_CONVERSION = YES;
				CLANG_WARN_OBJC_IMPLICIT_RETAIN_SELF = YES;
				CLANG_WARN_OBJC_LITERAL_CONVERSION = YES;
				CLANG_WARN_OBJC_ROOT_CLASS = YES_ERROR;
				CLANG_WARN_QUOTED_INCLUDE_IN_FRAMEWORK_HEADER = YES;
				CLANG_WARN_RANGE_LOOP_ANALYSIS = YES;
				CLANG_WARN_STRICT_PROTOTYPES = YES;
				CLANG_WARN_SUSPICIOUS_MOVE = YES;
				CLANG_WARN_UNGUARDED_AVAILABILITY = YES_AGGRESSIVE;
				CLANG_WARN_UNREACHABLE_CODE = YES;
				CLANG_WARN__DUPLICATE_METHOD_MATCH = YES;
				COPY_PHASE_STRIP = NO;
				DEBUG_INFORMATION_FORMAT = "dwarf-with-dsym";
				ENABLE_NS_ASSERTIONS = NO;
				ENABLE_STRICT_OBJC_MSGSEND = YES;
				GCC_C_LANGUAGE_STANDARD = gnu11;
				GCC_NO_COMMON_BLOCKS = YES;
				GCC_WARN_64_TO_32_BIT_CONVERSION = YES;
				GCC_WARN_ABOUT_RETURN_TYPE = YES_ERROR;
				GCC_WARN_UNDECLARED_SELECTOR = YES;
				GCC_WARN_UNINITIALIZED_AUTOS = YES_AGGRESSIVE;
				GCC_WARN_UNUSED_FUNCTION = YES;
				GCC_WARN_UNUSED_VARIABLE = YES;
				IPHONEOS_DEPLOYMENT_TARGET = 12.0;
				MTL_ENABLE_DEBUG_INFO = NO;
				MTL_FAST_MATH = YES;
				SDKROOT = iphoneos;
				SWIFT_COMPILATION_MODE = wholemodule;
				SWIFT_OPTIMIZATION_LEVEL = "-O";
				VALIDATE_PRODUCT = YES;
			};
			name = Release;
		};
		5934E3482531FC4A0082D01D /* Debug */ = {
			isa = XCBuildConfiguration;
			buildSettings = {
				ASSETCATALOG_COMPILER_APPICON_NAME = AppIcon;
				ASSETCATALOG_COMPILER_GLOBAL_ACCENT_COLOR_NAME = AccentColor;
				CODE_SIGN_STYLE = Automatic;
				DEVELOPMENT_TEAM = 72C5A4RQ56;
				INFOPLIST_FILE = "iwaste-ios/Info.plist";
				LD_RUNPATH_SEARCH_PATHS = (
					"$(inherited)",
					"@executable_path/Frameworks",
				);
				PRODUCT_BUNDLE_IDENTIFIER = "com.infiniteloop.iwaste-ios";
				PRODUCT_NAME = "$(TARGET_NAME)";
				SWIFT_VERSION = 5.0;
				TARGETED_DEVICE_FAMILY = "1,2";
			};
			name = Debug;
		};
		5934E3492531FC4A0082D01D /* Release */ = {
			isa = XCBuildConfiguration;
			buildSettings = {
				ASSETCATALOG_COMPILER_APPICON_NAME = AppIcon;
				ASSETCATALOG_COMPILER_GLOBAL_ACCENT_COLOR_NAME = AccentColor;
				CODE_SIGN_STYLE = Automatic;
				DEVELOPMENT_TEAM = 72C5A4RQ56;
				INFOPLIST_FILE = "iwaste-ios/Info.plist";
				LD_RUNPATH_SEARCH_PATHS = (
					"$(inherited)",
					"@executable_path/Frameworks",
				);
				PRODUCT_BUNDLE_IDENTIFIER = "com.infiniteloop.iwaste-ios";
				PRODUCT_NAME = "$(TARGET_NAME)";
				SWIFT_VERSION = 5.0;
				TARGETED_DEVICE_FAMILY = "1,2";
			};
			name = Release;
		};
/* End XCBuildConfiguration section */

/* Begin XCConfigurationList section */
		5934E32B2531FC480082D01D /* Build configuration list for PBXProject "iwaste-ios" */ = {
			isa = XCConfigurationList;
			buildConfigurations = (
				5934E3452531FC4A0082D01D /* Debug */,
				5934E3462531FC4A0082D01D /* Release */,
			);
			defaultConfigurationIsVisible = 0;
			defaultConfigurationName = Release;
		};
		5934E3472531FC4A0082D01D /* Build configuration list for PBXNativeTarget "iwaste-ios" */ = {
			isa = XCConfigurationList;
			buildConfigurations = (
				5934E3482531FC4A0082D01D /* Debug */,
				5934E3492531FC4A0082D01D /* Release */,
			);
			defaultConfigurationIsVisible = 0;
			defaultConfigurationName = Release;
		};
/* End XCConfigurationList section */

/* Begin XCVersionGroup section */
		5934E33C2531FC480082D01D /* iwaste_ios.xcdatamodeld */ = {
			isa = XCVersionGroup;
			children = (
				5934E33D2531FC480082D01D /* iwaste_ios.xcdatamodel */,
			);
			currentVersion = 5934E33D2531FC480082D01D /* iwaste_ios.xcdatamodel */;
			path = iwaste_ios.xcdatamodeld;
			sourceTree = "<group>";
			versionGroupType = wrapper.xcdatamodel;
		};
/* End XCVersionGroup section */
	};
	rootObject = 5934E3282531FC480082D01D /* Project object */;
}
